
Microsoft Visual Studio Solution File, Format Version 12.00
# Visual Studio 15
VisualStudioVersion = 15.0.27130.2024
MinimumVisualStudioVersion = 10.0.40219.1
Project("{FAE04EC0-301F-11D3-BF4B-00C04F79EFBC}") = "OpFlow.iOS", "OpFlow.iOS\OpFlow.iOS.csproj", "{2E2C9420-C897-47B7-B93D-D534CD63866E}"
EndProject
Project("{9A19103F-16F7-4668-BE54-9A1E7A4F7556}") = "OpFlow.Data", "OpFlow.Data\OpFlow.Data.csproj", "{4EA94324-00F6-4EA2-B6E0-1908A5A385F0}"
EndProject
Project("{9A19103F-16F7-4668-BE54-9A1E7A4F7556}") = "OpFlow.Mobile", "OpFlow.Mobile\OpFlow.Mobile.csproj", "{30767546-9BA4-447F-BBC8-EE0C0692DCCB}"
EndProject
Project("{FAE04EC0-301F-11D3-BF4B-00C04F79EFBC}") = "OpFlow.Mobile.Test", "OpFlow.Mobile.Test\OpFlow.Mobile.Test.csproj", "{3630E12B-D8F2-460D-BE38-A6360E235BEB}"
EndProject
Project("{FAE04EC0-301F-11D3-BF4B-00C04F79EFBC}") = "OpFlow.Service", "OpFlow.Service\OpFlow.Service.csproj", "{4C473B90-38D7-4212-9F07-2CF0000A29A4}"
EndProject
Project("{FAE04EC0-301F-11D3-BF4B-00C04F79EFBC}") = "OpFlow.AndroidApp", "OpFlow.AndroidApp\OpFlow.AndroidApp.csproj", "{CA960FD8-E782-43B5-A800-A8FE0D4E8E7E}"
EndProject
Project("{FAE04EC0-301F-11D3-BF4B-00C04F79EFBC}") = "OpFlow.Windows", "OpFlow.Windows\OpFlow.Windows.csproj", "{843213BD-FBDB-43C7-8523-F6FF2293FB61}"
EndProject
Project("{FAE04EC0-301F-11D3-BF4B-00C04F79EFBC}") = "OpFlow.Service.Test", "OpFlow.Service.Test\OpFlow.Service.Test.csproj", "{AE62AE97-7AFD-4AAA-8B8E-87471FDF9B91}"
EndProject
Project("{CC5FD16D-436D-48AD-A40C-5A424C6E3E79}") = "OpFlow.Service.PDF", "OpFlow.Service.PDF\OpFlow.Service.PDF.ccproj", "{B081BA0A-109E-4AFA-986F-911484DBC9DD}"
EndProject
Project("{FAE04EC0-301F-11D3-BF4B-00C04F79EFBC}") = "OpFlow.PDF", "OpFlow.PDF\OpFlow.PDF.csproj", "{4829B56C-C920-4507-9C68-A84E8ED0ED8F}"
EndProject
Project("{F14B399A-7131-4C87-9E4B-1186C45EF12D}") = "OpFlow.Analytics", "OpFlow.Analytics\OpFlow.Analytics.rptproj", "{391E7DFA-6E63-4E07-A25A-AE18BD6DB483}"
EndProject
Global
	GlobalSection(SolutionConfigurationPlatforms) = preSolution
		Ad-Hoc|Any CPU = Ad-Hoc|Any CPU
		Ad-Hoc|ARM = Ad-Hoc|ARM
		Ad-Hoc|iPhone = Ad-Hoc|iPhone
		Ad-Hoc|iPhoneSimulator = Ad-Hoc|iPhoneSimulator
		Ad-Hoc|x64 = Ad-Hoc|x64
		Ad-Hoc|x86 = Ad-Hoc|x86
		AppStore|Any CPU = AppStore|Any CPU
		AppStore|ARM = AppStore|ARM
		AppStore|iPhone = AppStore|iPhone
		AppStore|iPhoneSimulator = AppStore|iPhoneSimulator
		AppStore|x64 = AppStore|x64
		AppStore|x86 = AppStore|x86
		Debug|Any CPU = Debug|Any CPU
		Debug|ARM = Debug|ARM
		Debug|iPhone = Debug|iPhone
		Debug|iPhoneSimulator = Debug|iPhoneSimulator
		Debug|x64 = Debug|x64
		Debug|x86 = Debug|x86
		DebugLocal|Any CPU = DebugLocal|Any CPU
		DebugLocal|ARM = DebugLocal|ARM
		DebugLocal|iPhone = DebugLocal|iPhone
		DebugLocal|iPhoneSimulator = DebugLocal|iPhoneSimulator
		DebugLocal|x64 = DebugLocal|x64
		DebugLocal|x86 = DebugLocal|x86
		Release|Any CPU = Release|Any CPU
		Release|ARM = Release|ARM
		Release|iPhone = Release|iPhone
		Release|iPhoneSimulator = Release|iPhoneSimulator
		Release|x64 = Release|x64
		Release|x86 = Release|x86
	EndGlobalSection
	GlobalSection(ProjectConfigurationPlatforms) = postSolution
		{2E2C9420-C897-47B7-B93D-D534CD63866E}.Ad-Hoc|Any CPU.ActiveCfg = Release|iPhoneSimulator
		{2E2C9420-C897-47B7-B93D-D534CD63866E}.Ad-Hoc|Any CPU.Build.0 = Release|iPhoneSimulator
		{2E2C9420-C897-47B7-B93D-D534CD63866E}.Ad-Hoc|ARM.ActiveCfg = Release|iPhoneSimulator
		{2E2C9420-C897-47B7-B93D-D534CD63866E}.Ad-Hoc|ARM.Build.0 = Release|iPhoneSimulator
		{2E2C9420-C897-47B7-B93D-D534CD63866E}.Ad-Hoc|iPhone.ActiveCfg = Release|iPhone
		{2E2C9420-C897-47B7-B93D-D534CD63866E}.Ad-Hoc|iPhone.Build.0 = Release|iPhone
		{2E2C9420-C897-47B7-B93D-D534CD63866E}.Ad-Hoc|iPhoneSimulator.ActiveCfg = Release|iPhoneSimulator
		{2E2C9420-C897-47B7-B93D-D534CD63866E}.Ad-Hoc|iPhoneSimulator.Build.0 = Release|iPhoneSimulator
		{2E2C9420-C897-47B7-B93D-D534CD63866E}.Ad-Hoc|x64.ActiveCfg = Release|iPhoneSimulator
		{2E2C9420-C897-47B7-B93D-D534CD63866E}.Ad-Hoc|x64.Build.0 = Release|iPhoneSimulator
		{2E2C9420-C897-47B7-B93D-D534CD63866E}.Ad-Hoc|x86.ActiveCfg = Release|iPhoneSimulator
		{2E2C9420-C897-47B7-B93D-D534CD63866E}.Ad-Hoc|x86.Build.0 = Release|iPhoneSimulator
		{2E2C9420-C897-47B7-B93D-D534CD63866E}.AppStore|Any CPU.ActiveCfg = Release|iPhoneSimulator
		{2E2C9420-C897-47B7-B93D-D534CD63866E}.AppStore|Any CPU.Build.0 = Release|iPhoneSimulator
		{2E2C9420-C897-47B7-B93D-D534CD63866E}.AppStore|ARM.ActiveCfg = Release|iPhoneSimulator
		{2E2C9420-C897-47B7-B93D-D534CD63866E}.AppStore|ARM.Build.0 = Release|iPhoneSimulator
		{2E2C9420-C897-47B7-B93D-D534CD63866E}.AppStore|iPhone.ActiveCfg = Release|iPhone
		{2E2C9420-C897-47B7-B93D-D534CD63866E}.AppStore|iPhone.Build.0 = Release|iPhone
		{2E2C9420-C897-47B7-B93D-D534CD63866E}.AppStore|iPhoneSimulator.ActiveCfg = Release|iPhoneSimulator
		{2E2C9420-C897-47B7-B93D-D534CD63866E}.AppStore|iPhoneSimulator.Build.0 = Release|iPhoneSimulator
		{2E2C9420-C897-47B7-B93D-D534CD63866E}.AppStore|x64.ActiveCfg = Release|iPhoneSimulator
		{2E2C9420-C897-47B7-B93D-D534CD63866E}.AppStore|x64.Build.0 = Release|iPhoneSimulator
		{2E2C9420-C897-47B7-B93D-D534CD63866E}.AppStore|x86.ActiveCfg = Release|iPhoneSimulator
		{2E2C9420-C897-47B7-B93D-D534CD63866E}.AppStore|x86.Build.0 = Release|iPhoneSimulator
		{2E2C9420-C897-47B7-B93D-D534CD63866E}.Debug|Any CPU.ActiveCfg = Debug|iPhone
		{2E2C9420-C897-47B7-B93D-D534CD63866E}.Debug|ARM.ActiveCfg = Debug|iPhoneSimulator
		{2E2C9420-C897-47B7-B93D-D534CD63866E}.Debug|iPhone.ActiveCfg = Debug|iPhone
		{2E2C9420-C897-47B7-B93D-D534CD63866E}.Debug|iPhone.Build.0 = Debug|iPhone
		{2E2C9420-C897-47B7-B93D-D534CD63866E}.Debug|iPhoneSimulator.ActiveCfg = Debug|iPhoneSimulator
		{2E2C9420-C897-47B7-B93D-D534CD63866E}.Debug|iPhoneSimulator.Build.0 = Debug|iPhoneSimulator
		{2E2C9420-C897-47B7-B93D-D534CD63866E}.Debug|x64.ActiveCfg = Debug|iPhoneSimulator
		{2E2C9420-C897-47B7-B93D-D534CD63866E}.Debug|x86.ActiveCfg = Debug|iPhoneSimulator
		{2E2C9420-C897-47B7-B93D-D534CD63866E}.DebugLocal|Any CPU.ActiveCfg = Debug|iPhoneSimulator
		{2E2C9420-C897-47B7-B93D-D534CD63866E}.DebugLocal|Any CPU.Build.0 = Debug|iPhoneSimulator
		{2E2C9420-C897-47B7-B93D-D534CD63866E}.DebugLocal|ARM.ActiveCfg = Debug|iPhoneSimulator
		{2E2C9420-C897-47B7-B93D-D534CD63866E}.DebugLocal|ARM.Build.0 = Debug|iPhoneSimulator
		{2E2C9420-C897-47B7-B93D-D534CD63866E}.DebugLocal|iPhone.ActiveCfg = Debug|iPhone
		{2E2C9420-C897-47B7-B93D-D534CD63866E}.DebugLocal|iPhone.Build.0 = Debug|iPhone
		{2E2C9420-C897-47B7-B93D-D534CD63866E}.DebugLocal|iPhoneSimulator.ActiveCfg = Debug|iPhoneSimulator
		{2E2C9420-C897-47B7-B93D-D534CD63866E}.DebugLocal|iPhoneSimulator.Build.0 = Debug|iPhoneSimulator
		{2E2C9420-C897-47B7-B93D-D534CD63866E}.DebugLocal|x64.ActiveCfg = Debug|iPhoneSimulator
		{2E2C9420-C897-47B7-B93D-D534CD63866E}.DebugLocal|x64.Build.0 = Debug|iPhoneSimulator
		{2E2C9420-C897-47B7-B93D-D534CD63866E}.DebugLocal|x86.ActiveCfg = Debug|iPhoneSimulator
		{2E2C9420-C897-47B7-B93D-D534CD63866E}.DebugLocal|x86.Build.0 = Debug|iPhoneSimulator
		{2E2C9420-C897-47B7-B93D-D534CD63866E}.Release|Any CPU.ActiveCfg = Release|iPhone
		{2E2C9420-C897-47B7-B93D-D534CD63866E}.Release|Any CPU.Build.0 = Release|iPhone
		{2E2C9420-C897-47B7-B93D-D534CD63866E}.Release|ARM.ActiveCfg = Release|iPhoneSimulator
		{2E2C9420-C897-47B7-B93D-D534CD63866E}.Release|iPhone.ActiveCfg = Release|iPhone
		{2E2C9420-C897-47B7-B93D-D534CD63866E}.Release|iPhone.Build.0 = Release|iPhone
		{2E2C9420-C897-47B7-B93D-D534CD63866E}.Release|iPhoneSimulator.ActiveCfg = Release|iPhoneSimulator
		{2E2C9420-C897-47B7-B93D-D534CD63866E}.Release|iPhoneSimulator.Build.0 = Release|iPhoneSimulator
		{2E2C9420-C897-47B7-B93D-D534CD63866E}.Release|x64.ActiveCfg = Release|iPhoneSimulator
		{2E2C9420-C897-47B7-B93D-D534CD63866E}.Release|x86.ActiveCfg = Release|iPhoneSimulator
		{4EA94324-00F6-4EA2-B6E0-1908A5A385F0}.Ad-Hoc|Any CPU.ActiveCfg = Release|Any CPU
		{4EA94324-00F6-4EA2-B6E0-1908A5A385F0}.Ad-Hoc|Any CPU.Build.0 = Release|Any CPU
		{4EA94324-00F6-4EA2-B6E0-1908A5A385F0}.Ad-Hoc|ARM.ActiveCfg = Release|Any CPU
		{4EA94324-00F6-4EA2-B6E0-1908A5A385F0}.Ad-Hoc|ARM.Build.0 = Release|Any CPU
		{4EA94324-00F6-4EA2-B6E0-1908A5A385F0}.Ad-Hoc|iPhone.ActiveCfg = Release|Any CPU
		{4EA94324-00F6-4EA2-B6E0-1908A5A385F0}.Ad-Hoc|iPhone.Build.0 = Release|Any CPU
		{4EA94324-00F6-4EA2-B6E0-1908A5A385F0}.Ad-Hoc|iPhoneSimulator.ActiveCfg = Release|Any CPU
		{4EA94324-00F6-4EA2-B6E0-1908A5A385F0}.Ad-Hoc|iPhoneSimulator.Build.0 = Release|Any CPU
		{4EA94324-00F6-4EA2-B6E0-1908A5A385F0}.Ad-Hoc|x64.ActiveCfg = Release|Any CPU
		{4EA94324-00F6-4EA2-B6E0-1908A5A385F0}.Ad-Hoc|x64.Build.0 = Release|Any CPU
		{4EA94324-00F6-4EA2-B6E0-1908A5A385F0}.Ad-Hoc|x86.ActiveCfg = Release|Any CPU
		{4EA94324-00F6-4EA2-B6E0-1908A5A385F0}.Ad-Hoc|x86.Build.0 = Release|Any CPU
		{4EA94324-00F6-4EA2-B6E0-1908A5A385F0}.AppStore|Any CPU.ActiveCfg = Release|Any CPU
		{4EA94324-00F6-4EA2-B6E0-1908A5A385F0}.AppStore|Any CPU.Build.0 = Release|Any CPU
		{4EA94324-00F6-4EA2-B6E0-1908A5A385F0}.AppStore|ARM.ActiveCfg = Release|Any CPU
		{4EA94324-00F6-4EA2-B6E0-1908A5A385F0}.AppStore|ARM.Build.0 = Release|Any CPU
		{4EA94324-00F6-4EA2-B6E0-1908A5A385F0}.AppStore|iPhone.ActiveCfg = Release|Any CPU
		{4EA94324-00F6-4EA2-B6E0-1908A5A385F0}.AppStore|iPhone.Build.0 = Release|Any CPU
		{4EA94324-00F6-4EA2-B6E0-1908A5A385F0}.AppStore|iPhoneSimulator.ActiveCfg = Release|Any CPU
		{4EA94324-00F6-4EA2-B6E0-1908A5A385F0}.AppStore|iPhoneSimulator.Build.0 = Release|Any CPU
		{4EA94324-00F6-4EA2-B6E0-1908A5A385F0}.AppStore|x64.ActiveCfg = Release|Any CPU
		{4EA94324-00F6-4EA2-B6E0-1908A5A385F0}.AppStore|x64.Build.0 = Release|Any CPU
		{4EA94324-00F6-4EA2-B6E0-1908A5A385F0}.AppStore|x86.ActiveCfg = Release|Any CPU
		{4EA94324-00F6-4EA2-B6E0-1908A5A385F0}.AppStore|x86.Build.0 = Release|Any CPU
		{4EA94324-00F6-4EA2-B6E0-1908A5A385F0}.Debug|Any CPU.ActiveCfg = Debug|Any CPU
		{4EA94324-00F6-4EA2-B6E0-1908A5A385F0}.Debug|Any CPU.Build.0 = Debug|Any CPU
		{4EA94324-00F6-4EA2-B6E0-1908A5A385F0}.Debug|ARM.ActiveCfg = Debug|Any CPU
		{4EA94324-00F6-4EA2-B6E0-1908A5A385F0}.Debug|ARM.Build.0 = Debug|Any CPU
		{4EA94324-00F6-4EA2-B6E0-1908A5A385F0}.Debug|iPhone.ActiveCfg = Debug|Any CPU
		{4EA94324-00F6-4EA2-B6E0-1908A5A385F0}.Debug|iPhone.Build.0 = Debug|Any CPU
		{4EA94324-00F6-4EA2-B6E0-1908A5A385F0}.Debug|iPhoneSimulator.ActiveCfg = Debug|Any CPU
		{4EA94324-00F6-4EA2-B6E0-1908A5A385F0}.Debug|iPhoneSimulator.Build.0 = Debug|Any CPU
		{4EA94324-00F6-4EA2-B6E0-1908A5A385F0}.Debug|x64.ActiveCfg = Debug|Any CPU
		{4EA94324-00F6-4EA2-B6E0-1908A5A385F0}.Debug|x64.Build.0 = Debug|Any CPU
		{4EA94324-00F6-4EA2-B6E0-1908A5A385F0}.Debug|x86.ActiveCfg = Debug|Any CPU
		{4EA94324-00F6-4EA2-B6E0-1908A5A385F0}.Debug|x86.Build.0 = Debug|Any CPU
		{4EA94324-00F6-4EA2-B6E0-1908A5A385F0}.DebugLocal|Any CPU.ActiveCfg = Debug|Any CPU
		{4EA94324-00F6-4EA2-B6E0-1908A5A385F0}.DebugLocal|Any CPU.Build.0 = Debug|Any CPU
		{4EA94324-00F6-4EA2-B6E0-1908A5A385F0}.DebugLocal|ARM.ActiveCfg = Debug|Any CPU
		{4EA94324-00F6-4EA2-B6E0-1908A5A385F0}.DebugLocal|ARM.Build.0 = Debug|Any CPU
		{4EA94324-00F6-4EA2-B6E0-1908A5A385F0}.DebugLocal|iPhone.ActiveCfg = Debug|Any CPU
		{4EA94324-00F6-4EA2-B6E0-1908A5A385F0}.DebugLocal|iPhone.Build.0 = Debug|Any CPU
		{4EA94324-00F6-4EA2-B6E0-1908A5A385F0}.DebugLocal|iPhoneSimulator.ActiveCfg = Debug|Any CPU
		{4EA94324-00F6-4EA2-B6E0-1908A5A385F0}.DebugLocal|iPhoneSimulator.Build.0 = Debug|Any CPU
		{4EA94324-00F6-4EA2-B6E0-1908A5A385F0}.DebugLocal|x64.ActiveCfg = Debug|Any CPU
		{4EA94324-00F6-4EA2-B6E0-1908A5A385F0}.DebugLocal|x64.Build.0 = Debug|Any CPU
		{4EA94324-00F6-4EA2-B6E0-1908A5A385F0}.DebugLocal|x86.ActiveCfg = Debug|Any CPU
		{4EA94324-00F6-4EA2-B6E0-1908A5A385F0}.DebugLocal|x86.Build.0 = Debug|Any CPU
		{4EA94324-00F6-4EA2-B6E0-1908A5A385F0}.Release|Any CPU.ActiveCfg = Release|Any CPU
		{4EA94324-00F6-4EA2-B6E0-1908A5A385F0}.Release|Any CPU.Build.0 = Release|Any CPU
		{4EA94324-00F6-4EA2-B6E0-1908A5A385F0}.Release|ARM.ActiveCfg = Release|Any CPU
		{4EA94324-00F6-4EA2-B6E0-1908A5A385F0}.Release|ARM.Build.0 = Release|Any CPU
		{4EA94324-00F6-4EA2-B6E0-1908A5A385F0}.Release|iPhone.ActiveCfg = Release|Any CPU
		{4EA94324-00F6-4EA2-B6E0-1908A5A385F0}.Release|iPhone.Build.0 = Release|Any CPU
		{4EA94324-00F6-4EA2-B6E0-1908A5A385F0}.Release|iPhoneSimulator.ActiveCfg = Release|Any CPU
		{4EA94324-00F6-4EA2-B6E0-1908A5A385F0}.Release|iPhoneSimulator.Build.0 = Release|Any CPU
		{4EA94324-00F6-4EA2-B6E0-1908A5A385F0}.Release|x64.ActiveCfg = Release|Any CPU
		{4EA94324-00F6-4EA2-B6E0-1908A5A385F0}.Release|x64.Build.0 = Release|Any CPU
		{4EA94324-00F6-4EA2-B6E0-1908A5A385F0}.Release|x86.ActiveCfg = Release|Any CPU
		{4EA94324-00F6-4EA2-B6E0-1908A5A385F0}.Release|x86.Build.0 = Release|Any CPU
		{30767546-9BA4-447F-BBC8-EE0C0692DCCB}.Ad-Hoc|Any CPU.ActiveCfg = Release|Any CPU
		{30767546-9BA4-447F-BBC8-EE0C0692DCCB}.Ad-Hoc|Any CPU.Build.0 = Release|Any CPU
		{30767546-9BA4-447F-BBC8-EE0C0692DCCB}.Ad-Hoc|ARM.ActiveCfg = Release|Any CPU
		{30767546-9BA4-447F-BBC8-EE0C0692DCCB}.Ad-Hoc|ARM.Build.0 = Release|Any CPU
		{30767546-9BA4-447F-BBC8-EE0C0692DCCB}.Ad-Hoc|iPhone.ActiveCfg = Release|Any CPU
		{30767546-9BA4-447F-BBC8-EE0C0692DCCB}.Ad-Hoc|iPhone.Build.0 = Release|Any CPU
		{30767546-9BA4-447F-BBC8-EE0C0692DCCB}.Ad-Hoc|iPhoneSimulator.ActiveCfg = Release|Any CPU
		{30767546-9BA4-447F-BBC8-EE0C0692DCCB}.Ad-Hoc|iPhoneSimulator.Build.0 = Release|Any CPU
		{30767546-9BA4-447F-BBC8-EE0C0692DCCB}.Ad-Hoc|x64.ActiveCfg = Release|Any CPU
		{30767546-9BA4-447F-BBC8-EE0C0692DCCB}.Ad-Hoc|x64.Build.0 = Release|Any CPU
		{30767546-9BA4-447F-BBC8-EE0C0692DCCB}.Ad-Hoc|x86.ActiveCfg = Release|Any CPU
		{30767546-9BA4-447F-BBC8-EE0C0692DCCB}.Ad-Hoc|x86.Build.0 = Release|Any CPU
		{30767546-9BA4-447F-BBC8-EE0C0692DCCB}.AppStore|Any CPU.ActiveCfg = Release|Any CPU
		{30767546-9BA4-447F-BBC8-EE0C0692DCCB}.AppStore|Any CPU.Build.0 = Release|Any CPU
		{30767546-9BA4-447F-BBC8-EE0C0692DCCB}.AppStore|ARM.ActiveCfg = Release|Any CPU
		{30767546-9BA4-447F-BBC8-EE0C0692DCCB}.AppStore|ARM.Build.0 = Release|Any CPU
		{30767546-9BA4-447F-BBC8-EE0C0692DCCB}.AppStore|iPhone.ActiveCfg = Release|Any CPU
		{30767546-9BA4-447F-BBC8-EE0C0692DCCB}.AppStore|iPhone.Build.0 = Release|Any CPU
		{30767546-9BA4-447F-BBC8-EE0C0692DCCB}.AppStore|iPhoneSimulator.ActiveCfg = Release|Any CPU
		{30767546-9BA4-447F-BBC8-EE0C0692DCCB}.AppStore|iPhoneSimulator.Build.0 = Release|Any CPU
		{30767546-9BA4-447F-BBC8-EE0C0692DCCB}.AppStore|x64.ActiveCfg = Release|Any CPU
		{30767546-9BA4-447F-BBC8-EE0C0692DCCB}.AppStore|x64.Build.0 = Release|Any CPU
		{30767546-9BA4-447F-BBC8-EE0C0692DCCB}.AppStore|x86.ActiveCfg = Release|Any CPU
		{30767546-9BA4-447F-BBC8-EE0C0692DCCB}.AppStore|x86.Build.0 = Release|Any CPU
		{30767546-9BA4-447F-BBC8-EE0C0692DCCB}.Debug|Any CPU.ActiveCfg = Debug|Any CPU
		{30767546-9BA4-447F-BBC8-EE0C0692DCCB}.Debug|Any CPU.Build.0 = Debug|Any CPU
		{30767546-9BA4-447F-BBC8-EE0C0692DCCB}.Debug|ARM.ActiveCfg = Debug|Any CPU
		{30767546-9BA4-447F-BBC8-EE0C0692DCCB}.Debug|ARM.Build.0 = Debug|Any CPU
		{30767546-9BA4-447F-BBC8-EE0C0692DCCB}.Debug|iPhone.ActiveCfg = Debug|Any CPU
		{30767546-9BA4-447F-BBC8-EE0C0692DCCB}.Debug|iPhone.Build.0 = Debug|Any CPU
		{30767546-9BA4-447F-BBC8-EE0C0692DCCB}.Debug|iPhoneSimulator.ActiveCfg = Debug|Any CPU
		{30767546-9BA4-447F-BBC8-EE0C0692DCCB}.Debug|iPhoneSimulator.Build.0 = Debug|Any CPU
		{30767546-9BA4-447F-BBC8-EE0C0692DCCB}.Debug|x64.ActiveCfg = Debug|Any CPU
		{30767546-9BA4-447F-BBC8-EE0C0692DCCB}.Debug|x64.Build.0 = Debug|Any CPU
		{30767546-9BA4-447F-BBC8-EE0C0692DCCB}.Debug|x86.ActiveCfg = Debug|Any CPU
		{30767546-9BA4-447F-BBC8-EE0C0692DCCB}.Debug|x86.Build.0 = Debug|Any CPU
		{30767546-9BA4-447F-BBC8-EE0C0692DCCB}.DebugLocal|Any CPU.ActiveCfg = Debug|Any CPU
		{30767546-9BA4-447F-BBC8-EE0C0692DCCB}.DebugLocal|Any CPU.Build.0 = Debug|Any CPU
		{30767546-9BA4-447F-BBC8-EE0C0692DCCB}.DebugLocal|ARM.ActiveCfg = Debug|Any CPU
		{30767546-9BA4-447F-BBC8-EE0C0692DCCB}.DebugLocal|ARM.Build.0 = Debug|Any CPU
		{30767546-9BA4-447F-BBC8-EE0C0692DCCB}.DebugLocal|iPhone.ActiveCfg = Debug|Any CPU
		{30767546-9BA4-447F-BBC8-EE0C0692DCCB}.DebugLocal|iPhone.Build.0 = Debug|Any CPU
		{30767546-9BA4-447F-BBC8-EE0C0692DCCB}.DebugLocal|iPhoneSimulator.ActiveCfg = Debug|Any CPU
		{30767546-9BA4-447F-BBC8-EE0C0692DCCB}.DebugLocal|iPhoneSimulator.Build.0 = Debug|Any CPU
		{30767546-9BA4-447F-BBC8-EE0C0692DCCB}.DebugLocal|x64.ActiveCfg = Debug|Any CPU
		{30767546-9BA4-447F-BBC8-EE0C0692DCCB}.DebugLocal|x64.Build.0 = Debug|Any CPU
		{30767546-9BA4-447F-BBC8-EE0C0692DCCB}.DebugLocal|x86.ActiveCfg = Debug|Any CPU
		{30767546-9BA4-447F-BBC8-EE0C0692DCCB}.DebugLocal|x86.Build.0 = Debug|Any CPU
		{30767546-9BA4-447F-BBC8-EE0C0692DCCB}.Release|Any CPU.ActiveCfg = Release|Any CPU
		{30767546-9BA4-447F-BBC8-EE0C0692DCCB}.Release|Any CPU.Build.0 = Release|Any CPU
		{30767546-9BA4-447F-BBC8-EE0C0692DCCB}.Release|ARM.ActiveCfg = Release|Any CPU
		{30767546-9BA4-447F-BBC8-EE0C0692DCCB}.Release|ARM.Build.0 = Release|Any CPU
		{30767546-9BA4-447F-BBC8-EE0C0692DCCB}.Release|iPhone.ActiveCfg = Release|Any CPU
		{30767546-9BA4-447F-BBC8-EE0C0692DCCB}.Release|iPhone.Build.0 = Release|Any CPU
		{30767546-9BA4-447F-BBC8-EE0C0692DCCB}.Release|iPhoneSimulator.ActiveCfg = Release|Any CPU
		{30767546-9BA4-447F-BBC8-EE0C0692DCCB}.Release|iPhoneSimulator.Build.0 = Release|Any CPU
		{30767546-9BA4-447F-BBC8-EE0C0692DCCB}.Release|x64.ActiveCfg = Release|Any CPU
		{30767546-9BA4-447F-BBC8-EE0C0692DCCB}.Release|x64.Build.0 = Release|Any CPU
		{30767546-9BA4-447F-BBC8-EE0C0692DCCB}.Release|x86.ActiveCfg = Release|Any CPU
		{30767546-9BA4-447F-BBC8-EE0C0692DCCB}.Release|x86.Build.0 = Release|Any CPU
		{3630E12B-D8F2-460D-BE38-A6360E235BEB}.Ad-Hoc|Any CPU.ActiveCfg = Release|Any CPU
		{3630E12B-D8F2-460D-BE38-A6360E235BEB}.Ad-Hoc|Any CPU.Build.0 = Release|Any CPU
		{3630E12B-D8F2-460D-BE38-A6360E235BEB}.Ad-Hoc|ARM.ActiveCfg = Release|Any CPU
		{3630E12B-D8F2-460D-BE38-A6360E235BEB}.Ad-Hoc|ARM.Build.0 = Release|Any CPU
		{3630E12B-D8F2-460D-BE38-A6360E235BEB}.Ad-Hoc|iPhone.ActiveCfg = Release|Any CPU
		{3630E12B-D8F2-460D-BE38-A6360E235BEB}.Ad-Hoc|iPhone.Build.0 = Release|Any CPU
		{3630E12B-D8F2-460D-BE38-A6360E235BEB}.Ad-Hoc|iPhoneSimulator.ActiveCfg = Release|Any CPU
		{3630E12B-D8F2-460D-BE38-A6360E235BEB}.Ad-Hoc|iPhoneSimulator.Build.0 = Release|Any CPU
		{3630E12B-D8F2-460D-BE38-A6360E235BEB}.Ad-Hoc|x64.ActiveCfg = Release|Any CPU
		{3630E12B-D8F2-460D-BE38-A6360E235BEB}.Ad-Hoc|x64.Build.0 = Release|Any CPU
		{3630E12B-D8F2-460D-BE38-A6360E235BEB}.Ad-Hoc|x86.ActiveCfg = Release|Any CPU
		{3630E12B-D8F2-460D-BE38-A6360E235BEB}.Ad-Hoc|x86.Build.0 = Release|Any CPU
		{3630E12B-D8F2-460D-BE38-A6360E235BEB}.AppStore|Any CPU.ActiveCfg = Release|Any CPU
		{3630E12B-D8F2-460D-BE38-A6360E235BEB}.AppStore|Any CPU.Build.0 = Release|Any CPU
		{3630E12B-D8F2-460D-BE38-A6360E235BEB}.AppStore|ARM.ActiveCfg = Release|Any CPU
		{3630E12B-D8F2-460D-BE38-A6360E235BEB}.AppStore|ARM.Build.0 = Release|Any CPU
		{3630E12B-D8F2-460D-BE38-A6360E235BEB}.AppStore|iPhone.ActiveCfg = Release|Any CPU
		{3630E12B-D8F2-460D-BE38-A6360E235BEB}.AppStore|iPhone.Build.0 = Release|Any CPU
		{3630E12B-D8F2-460D-BE38-A6360E235BEB}.AppStore|iPhoneSimulator.ActiveCfg = Release|Any CPU
		{3630E12B-D8F2-460D-BE38-A6360E235BEB}.AppStore|iPhoneSimulator.Build.0 = Release|Any CPU
		{3630E12B-D8F2-460D-BE38-A6360E235BEB}.AppStore|x64.ActiveCfg = Release|Any CPU
		{3630E12B-D8F2-460D-BE38-A6360E235BEB}.AppStore|x64.Build.0 = Release|Any CPU
		{3630E12B-D8F2-460D-BE38-A6360E235BEB}.AppStore|x86.ActiveCfg = Release|Any CPU
		{3630E12B-D8F2-460D-BE38-A6360E235BEB}.AppStore|x86.Build.0 = Release|Any CPU
		{3630E12B-D8F2-460D-BE38-A6360E235BEB}.Debug|Any CPU.ActiveCfg = Debug|Any CPU
		{3630E12B-D8F2-460D-BE38-A6360E235BEB}.Debug|Any CPU.Build.0 = Debug|Any CPU
		{3630E12B-D8F2-460D-BE38-A6360E235BEB}.Debug|ARM.ActiveCfg = Debug|Any CPU
		{3630E12B-D8F2-460D-BE38-A6360E235BEB}.Debug|ARM.Build.0 = Debug|Any CPU
		{3630E12B-D8F2-460D-BE38-A6360E235BEB}.Debug|iPhone.ActiveCfg = Debug|Any CPU
		{3630E12B-D8F2-460D-BE38-A6360E235BEB}.Debug|iPhone.Build.0 = Debug|Any CPU
		{3630E12B-D8F2-460D-BE38-A6360E235BEB}.Debug|iPhoneSimulator.ActiveCfg = Debug|Any CPU
		{3630E12B-D8F2-460D-BE38-A6360E235BEB}.Debug|iPhoneSimulator.Build.0 = Debug|Any CPU
		{3630E12B-D8F2-460D-BE38-A6360E235BEB}.Debug|x64.ActiveCfg = Debug|Any CPU
		{3630E12B-D8F2-460D-BE38-A6360E235BEB}.Debug|x64.Build.0 = Debug|Any CPU
		{3630E12B-D8F2-460D-BE38-A6360E235BEB}.Debug|x86.ActiveCfg = Debug|Any CPU
		{3630E12B-D8F2-460D-BE38-A6360E235BEB}.Debug|x86.Build.0 = Debug|Any CPU
		{3630E12B-D8F2-460D-BE38-A6360E235BEB}.DebugLocal|Any CPU.ActiveCfg = Debug|Any CPU
		{3630E12B-D8F2-460D-BE38-A6360E235BEB}.DebugLocal|Any CPU.Build.0 = Debug|Any CPU
		{3630E12B-D8F2-460D-BE38-A6360E235BEB}.DebugLocal|ARM.ActiveCfg = Debug|Any CPU
		{3630E12B-D8F2-460D-BE38-A6360E235BEB}.DebugLocal|ARM.Build.0 = Debug|Any CPU
		{3630E12B-D8F2-460D-BE38-A6360E235BEB}.DebugLocal|iPhone.ActiveCfg = Debug|Any CPU
		{3630E12B-D8F2-460D-BE38-A6360E235BEB}.DebugLocal|iPhone.Build.0 = Debug|Any CPU
		{3630E12B-D8F2-460D-BE38-A6360E235BEB}.DebugLocal|iPhoneSimulator.ActiveCfg = Debug|Any CPU
		{3630E12B-D8F2-460D-BE38-A6360E235BEB}.DebugLocal|iPhoneSimulator.Build.0 = Debug|Any CPU
		{3630E12B-D8F2-460D-BE38-A6360E235BEB}.DebugLocal|x64.ActiveCfg = Debug|Any CPU
		{3630E12B-D8F2-460D-BE38-A6360E235BEB}.DebugLocal|x64.Build.0 = Debug|Any CPU
		{3630E12B-D8F2-460D-BE38-A6360E235BEB}.DebugLocal|x86.ActiveCfg = Debug|Any CPU
		{3630E12B-D8F2-460D-BE38-A6360E235BEB}.DebugLocal|x86.Build.0 = Debug|Any CPU
		{3630E12B-D8F2-460D-BE38-A6360E235BEB}.Release|Any CPU.ActiveCfg = Release|Any CPU
		{3630E12B-D8F2-460D-BE38-A6360E235BEB}.Release|Any CPU.Build.0 = Release|Any CPU
		{3630E12B-D8F2-460D-BE38-A6360E235BEB}.Release|ARM.ActiveCfg = Release|Any CPU
		{3630E12B-D8F2-460D-BE38-A6360E235BEB}.Release|ARM.Build.0 = Release|Any CPU
		{3630E12B-D8F2-460D-BE38-A6360E235BEB}.Release|iPhone.ActiveCfg = Release|Any CPU
		{3630E12B-D8F2-460D-BE38-A6360E235BEB}.Release|iPhone.Build.0 = Release|Any CPU
		{3630E12B-D8F2-460D-BE38-A6360E235BEB}.Release|iPhoneSimulator.ActiveCfg = Release|Any CPU
		{3630E12B-D8F2-460D-BE38-A6360E235BEB}.Release|iPhoneSimulator.Build.0 = Release|Any CPU
		{3630E12B-D8F2-460D-BE38-A6360E235BEB}.Release|x64.ActiveCfg = Release|Any CPU
		{3630E12B-D8F2-460D-BE38-A6360E235BEB}.Release|x64.Build.0 = Release|Any CPU
		{3630E12B-D8F2-460D-BE38-A6360E235BEB}.Release|x86.ActiveCfg = Release|Any CPU
		{3630E12B-D8F2-460D-BE38-A6360E235BEB}.Release|x86.Build.0 = Release|Any CPU
		{4C473B90-38D7-4212-9F07-2CF0000A29A4}.Ad-Hoc|Any CPU.ActiveCfg = Release|Any CPU
		{4C473B90-38D7-4212-9F07-2CF0000A29A4}.Ad-Hoc|Any CPU.Build.0 = Release|Any CPU
		{4C473B90-38D7-4212-9F07-2CF0000A29A4}.Ad-Hoc|ARM.ActiveCfg = Release|Any CPU
		{4C473B90-38D7-4212-9F07-2CF0000A29A4}.Ad-Hoc|ARM.Build.0 = Release|Any CPU
		{4C473B90-38D7-4212-9F07-2CF0000A29A4}.Ad-Hoc|iPhone.ActiveCfg = Release|Any CPU
		{4C473B90-38D7-4212-9F07-2CF0000A29A4}.Ad-Hoc|iPhone.Build.0 = Release|Any CPU
		{4C473B90-38D7-4212-9F07-2CF0000A29A4}.Ad-Hoc|iPhoneSimulator.ActiveCfg = Release|Any CPU
		{4C473B90-38D7-4212-9F07-2CF0000A29A4}.Ad-Hoc|iPhoneSimulator.Build.0 = Release|Any CPU
		{4C473B90-38D7-4212-9F07-2CF0000A29A4}.Ad-Hoc|x64.ActiveCfg = Release|Any CPU
		{4C473B90-38D7-4212-9F07-2CF0000A29A4}.Ad-Hoc|x64.Build.0 = Release|Any CPU
		{4C473B90-38D7-4212-9F07-2CF0000A29A4}.Ad-Hoc|x86.ActiveCfg = Release|Any CPU
		{4C473B90-38D7-4212-9F07-2CF0000A29A4}.Ad-Hoc|x86.Build.0 = Release|Any CPU
		{4C473B90-38D7-4212-9F07-2CF0000A29A4}.AppStore|Any CPU.ActiveCfg = Release|Any CPU
		{4C473B90-38D7-4212-9F07-2CF0000A29A4}.AppStore|Any CPU.Build.0 = Release|Any CPU
		{4C473B90-38D7-4212-9F07-2CF0000A29A4}.AppStore|ARM.ActiveCfg = Release|Any CPU
		{4C473B90-38D7-4212-9F07-2CF0000A29A4}.AppStore|ARM.Build.0 = Release|Any CPU
		{4C473B90-38D7-4212-9F07-2CF0000A29A4}.AppStore|iPhone.ActiveCfg = Release|Any CPU
		{4C473B90-38D7-4212-9F07-2CF0000A29A4}.AppStore|iPhone.Build.0 = Release|Any CPU
		{4C473B90-38D7-4212-9F07-2CF0000A29A4}.AppStore|iPhoneSimulator.ActiveCfg = Release|Any CPU
		{4C473B90-38D7-4212-9F07-2CF0000A29A4}.AppStore|iPhoneSimulator.Build.0 = Release|Any CPU
		{4C473B90-38D7-4212-9F07-2CF0000A29A4}.AppStore|x64.ActiveCfg = Release|Any CPU
		{4C473B90-38D7-4212-9F07-2CF0000A29A4}.AppStore|x64.Build.0 = Release|Any CPU
		{4C473B90-38D7-4212-9F07-2CF0000A29A4}.AppStore|x86.ActiveCfg = Release|Any CPU
		{4C473B90-38D7-4212-9F07-2CF0000A29A4}.AppStore|x86.Build.0 = Release|Any CPU
		{4C473B90-38D7-4212-9F07-2CF0000A29A4}.Debug|Any CPU.ActiveCfg = Debug|Any CPU
		{4C473B90-38D7-4212-9F07-2CF0000A29A4}.Debug|Any CPU.Build.0 = Debug|Any CPU
		{4C473B90-38D7-4212-9F07-2CF0000A29A4}.Debug|ARM.ActiveCfg = Debug|Any CPU
		{4C473B90-38D7-4212-9F07-2CF0000A29A4}.Debug|ARM.Build.0 = Debug|Any CPU
		{4C473B90-38D7-4212-9F07-2CF0000A29A4}.Debug|iPhone.ActiveCfg = Debug|Any CPU
		{4C473B90-38D7-4212-9F07-2CF0000A29A4}.Debug|iPhone.Build.0 = Debug|Any CPU
		{4C473B90-38D7-4212-9F07-2CF0000A29A4}.Debug|iPhoneSimulator.ActiveCfg = Debug|Any CPU
		{4C473B90-38D7-4212-9F07-2CF0000A29A4}.Debug|iPhoneSimulator.Build.0 = Debug|Any CPU
		{4C473B90-38D7-4212-9F07-2CF0000A29A4}.Debug|x64.ActiveCfg = Debug|Any CPU
		{4C473B90-38D7-4212-9F07-2CF0000A29A4}.Debug|x64.Build.0 = Debug|Any CPU
		{4C473B90-38D7-4212-9F07-2CF0000A29A4}.Debug|x86.ActiveCfg = Debug|Any CPU
		{4C473B90-38D7-4212-9F07-2CF0000A29A4}.Debug|x86.Build.0 = Debug|Any CPU
		{4C473B90-38D7-4212-9F07-2CF0000A29A4}.DebugLocal|Any CPU.ActiveCfg = Debug|Any CPU
		{4C473B90-38D7-4212-9F07-2CF0000A29A4}.DebugLocal|Any CPU.Build.0 = Debug|Any CPU
		{4C473B90-38D7-4212-9F07-2CF0000A29A4}.DebugLocal|ARM.ActiveCfg = Debug|Any CPU
		{4C473B90-38D7-4212-9F07-2CF0000A29A4}.DebugLocal|ARM.Build.0 = Debug|Any CPU
		{4C473B90-38D7-4212-9F07-2CF0000A29A4}.DebugLocal|iPhone.ActiveCfg = Debug|Any CPU
		{4C473B90-38D7-4212-9F07-2CF0000A29A4}.DebugLocal|iPhone.Build.0 = Debug|Any CPU
		{4C473B90-38D7-4212-9F07-2CF0000A29A4}.DebugLocal|iPhoneSimulator.ActiveCfg = Debug|Any CPU
		{4C473B90-38D7-4212-9F07-2CF0000A29A4}.DebugLocal|iPhoneSimulator.Build.0 = Debug|Any CPU
		{4C473B90-38D7-4212-9F07-2CF0000A29A4}.DebugLocal|x64.ActiveCfg = Debug|Any CPU
		{4C473B90-38D7-4212-9F07-2CF0000A29A4}.DebugLocal|x64.Build.0 = Debug|Any CPU
		{4C473B90-38D7-4212-9F07-2CF0000A29A4}.DebugLocal|x86.ActiveCfg = Debug|Any CPU
		{4C473B90-38D7-4212-9F07-2CF0000A29A4}.DebugLocal|x86.Build.0 = Debug|Any CPU
		{4C473B90-38D7-4212-9F07-2CF0000A29A4}.Release|Any CPU.ActiveCfg = Release|Any CPU
		{4C473B90-38D7-4212-9F07-2CF0000A29A4}.Release|Any CPU.Build.0 = Release|Any CPU
		{4C473B90-38D7-4212-9F07-2CF0000A29A4}.Release|ARM.ActiveCfg = Release|Any CPU
		{4C473B90-38D7-4212-9F07-2CF0000A29A4}.Release|ARM.Build.0 = Release|Any CPU
		{4C473B90-38D7-4212-9F07-2CF0000A29A4}.Release|iPhone.ActiveCfg = Release|Any CPU
		{4C473B90-38D7-4212-9F07-2CF0000A29A4}.Release|iPhone.Build.0 = Release|Any CPU
		{4C473B90-38D7-4212-9F07-2CF0000A29A4}.Release|iPhoneSimulator.ActiveCfg = Release|Any CPU
		{4C473B90-38D7-4212-9F07-2CF0000A29A4}.Release|iPhoneSimulator.Build.0 = Release|Any CPU
		{4C473B90-38D7-4212-9F07-2CF0000A29A4}.Release|x64.ActiveCfg = Release|Any CPU
		{4C473B90-38D7-4212-9F07-2CF0000A29A4}.Release|x64.Build.0 = Release|Any CPU
		{4C473B90-38D7-4212-9F07-2CF0000A29A4}.Release|x86.ActiveCfg = Release|Any CPU
		{4C473B90-38D7-4212-9F07-2CF0000A29A4}.Release|x86.Build.0 = Release|Any CPU
		{CA960FD8-E782-43B5-A800-A8FE0D4E8E7E}.Ad-Hoc|Any CPU.ActiveCfg = Release|Any CPU
		{CA960FD8-E782-43B5-A800-A8FE0D4E8E7E}.Ad-Hoc|Any CPU.Build.0 = Release|Any CPU
		{CA960FD8-E782-43B5-A800-A8FE0D4E8E7E}.Ad-Hoc|Any CPU.Deploy.0 = Release|Any CPU
		{CA960FD8-E782-43B5-A800-A8FE0D4E8E7E}.Ad-Hoc|ARM.ActiveCfg = Release|Any CPU
		{CA960FD8-E782-43B5-A800-A8FE0D4E8E7E}.Ad-Hoc|ARM.Build.0 = Release|Any CPU
		{CA960FD8-E782-43B5-A800-A8FE0D4E8E7E}.Ad-Hoc|ARM.Deploy.0 = Release|Any CPU
		{CA960FD8-E782-43B5-A800-A8FE0D4E8E7E}.Ad-Hoc|iPhone.ActiveCfg = Release|Any CPU
		{CA960FD8-E782-43B5-A800-A8FE0D4E8E7E}.Ad-Hoc|iPhone.Build.0 = Release|Any CPU
		{CA960FD8-E782-43B5-A800-A8FE0D4E8E7E}.Ad-Hoc|iPhone.Deploy.0 = Release|Any CPU
		{CA960FD8-E782-43B5-A800-A8FE0D4E8E7E}.Ad-Hoc|iPhoneSimulator.ActiveCfg = Release|Any CPU
		{CA960FD8-E782-43B5-A800-A8FE0D4E8E7E}.Ad-Hoc|iPhoneSimulator.Build.0 = Release|Any CPU
		{CA960FD8-E782-43B5-A800-A8FE0D4E8E7E}.Ad-Hoc|iPhoneSimulator.Deploy.0 = Release|Any CPU
		{CA960FD8-E782-43B5-A800-A8FE0D4E8E7E}.Ad-Hoc|x64.ActiveCfg = Release|Any CPU
		{CA960FD8-E782-43B5-A800-A8FE0D4E8E7E}.Ad-Hoc|x64.Build.0 = Release|Any CPU
		{CA960FD8-E782-43B5-A800-A8FE0D4E8E7E}.Ad-Hoc|x64.Deploy.0 = Release|Any CPU
		{CA960FD8-E782-43B5-A800-A8FE0D4E8E7E}.Ad-Hoc|x86.ActiveCfg = Release|Any CPU
		{CA960FD8-E782-43B5-A800-A8FE0D4E8E7E}.Ad-Hoc|x86.Build.0 = Release|Any CPU
		{CA960FD8-E782-43B5-A800-A8FE0D4E8E7E}.Ad-Hoc|x86.Deploy.0 = Release|Any CPU
		{CA960FD8-E782-43B5-A800-A8FE0D4E8E7E}.AppStore|Any CPU.ActiveCfg = Release|Any CPU
		{CA960FD8-E782-43B5-A800-A8FE0D4E8E7E}.AppStore|Any CPU.Build.0 = Release|Any CPU
		{CA960FD8-E782-43B5-A800-A8FE0D4E8E7E}.AppStore|Any CPU.Deploy.0 = Release|Any CPU
		{CA960FD8-E782-43B5-A800-A8FE0D4E8E7E}.AppStore|ARM.ActiveCfg = Release|Any CPU
		{CA960FD8-E782-43B5-A800-A8FE0D4E8E7E}.AppStore|ARM.Build.0 = Release|Any CPU
		{CA960FD8-E782-43B5-A800-A8FE0D4E8E7E}.AppStore|ARM.Deploy.0 = Release|Any CPU
		{CA960FD8-E782-43B5-A800-A8FE0D4E8E7E}.AppStore|iPhone.ActiveCfg = Release|Any CPU
		{CA960FD8-E782-43B5-A800-A8FE0D4E8E7E}.AppStore|iPhone.Build.0 = Release|Any CPU
		{CA960FD8-E782-43B5-A800-A8FE0D4E8E7E}.AppStore|iPhone.Deploy.0 = Release|Any CPU
		{CA960FD8-E782-43B5-A800-A8FE0D4E8E7E}.AppStore|iPhoneSimulator.ActiveCfg = Release|Any CPU
		{CA960FD8-E782-43B5-A800-A8FE0D4E8E7E}.AppStore|iPhoneSimulator.Build.0 = Release|Any CPU
		{CA960FD8-E782-43B5-A800-A8FE0D4E8E7E}.AppStore|iPhoneSimulator.Deploy.0 = Release|Any CPU
		{CA960FD8-E782-43B5-A800-A8FE0D4E8E7E}.AppStore|x64.ActiveCfg = Release|Any CPU
		{CA960FD8-E782-43B5-A800-A8FE0D4E8E7E}.AppStore|x64.Build.0 = Release|Any CPU
		{CA960FD8-E782-43B5-A800-A8FE0D4E8E7E}.AppStore|x64.Deploy.0 = Release|Any CPU
		{CA960FD8-E782-43B5-A800-A8FE0D4E8E7E}.AppStore|x86.ActiveCfg = Release|Any CPU
		{CA960FD8-E782-43B5-A800-A8FE0D4E8E7E}.AppStore|x86.Build.0 = Release|Any CPU
		{CA960FD8-E782-43B5-A800-A8FE0D4E8E7E}.AppStore|x86.Deploy.0 = Release|Any CPU
		{CA960FD8-E782-43B5-A800-A8FE0D4E8E7E}.Debug|Any CPU.ActiveCfg = Debug|Any CPU
		{CA960FD8-E782-43B5-A800-A8FE0D4E8E7E}.Debug|Any CPU.Build.0 = Debug|Any CPU
		{CA960FD8-E782-43B5-A800-A8FE0D4E8E7E}.Debug|Any CPU.Deploy.0 = Debug|Any CPU
		{CA960FD8-E782-43B5-A800-A8FE0D4E8E7E}.Debug|ARM.ActiveCfg = Debug|Any CPU
		{CA960FD8-E782-43B5-A800-A8FE0D4E8E7E}.Debug|ARM.Build.0 = Debug|Any CPU
		{CA960FD8-E782-43B5-A800-A8FE0D4E8E7E}.Debug|ARM.Deploy.0 = Debug|Any CPU
		{CA960FD8-E782-43B5-A800-A8FE0D4E8E7E}.Debug|iPhone.ActiveCfg = Debug|Any CPU
		{CA960FD8-E782-43B5-A800-A8FE0D4E8E7E}.Debug|iPhone.Build.0 = Debug|Any CPU
		{CA960FD8-E782-43B5-A800-A8FE0D4E8E7E}.Debug|iPhone.Deploy.0 = Debug|Any CPU
		{CA960FD8-E782-43B5-A800-A8FE0D4E8E7E}.Debug|iPhoneSimulator.ActiveCfg = Debug|Any CPU
		{CA960FD8-E782-43B5-A800-A8FE0D4E8E7E}.Debug|iPhoneSimulator.Build.0 = Debug|Any CPU
		{CA960FD8-E782-43B5-A800-A8FE0D4E8E7E}.Debug|iPhoneSimulator.Deploy.0 = Debug|Any CPU
		{CA960FD8-E782-43B5-A800-A8FE0D4E8E7E}.Debug|x64.ActiveCfg = Debug|Any CPU
		{CA960FD8-E782-43B5-A800-A8FE0D4E8E7E}.Debug|x64.Build.0 = Debug|Any CPU
		{CA960FD8-E782-43B5-A800-A8FE0D4E8E7E}.Debug|x64.Deploy.0 = Debug|Any CPU
		{CA960FD8-E782-43B5-A800-A8FE0D4E8E7E}.Debug|x86.ActiveCfg = Debug|Any CPU
		{CA960FD8-E782-43B5-A800-A8FE0D4E8E7E}.Debug|x86.Build.0 = Debug|Any CPU
		{CA960FD8-E782-43B5-A800-A8FE0D4E8E7E}.Debug|x86.Deploy.0 = Debug|Any CPU
		{CA960FD8-E782-43B5-A800-A8FE0D4E8E7E}.DebugLocal|Any CPU.ActiveCfg = Debug|Any CPU
		{CA960FD8-E782-43B5-A800-A8FE0D4E8E7E}.DebugLocal|Any CPU.Build.0 = Debug|Any CPU
		{CA960FD8-E782-43B5-A800-A8FE0D4E8E7E}.DebugLocal|Any CPU.Deploy.0 = Debug|Any CPU
		{CA960FD8-E782-43B5-A800-A8FE0D4E8E7E}.DebugLocal|ARM.ActiveCfg = Debug|Any CPU
		{CA960FD8-E782-43B5-A800-A8FE0D4E8E7E}.DebugLocal|ARM.Build.0 = Debug|Any CPU
		{CA960FD8-E782-43B5-A800-A8FE0D4E8E7E}.DebugLocal|ARM.Deploy.0 = Debug|Any CPU
		{CA960FD8-E782-43B5-A800-A8FE0D4E8E7E}.DebugLocal|iPhone.ActiveCfg = Debug|Any CPU
		{CA960FD8-E782-43B5-A800-A8FE0D4E8E7E}.DebugLocal|iPhone.Build.0 = Debug|Any CPU
		{CA960FD8-E782-43B5-A800-A8FE0D4E8E7E}.DebugLocal|iPhone.Deploy.0 = Debug|Any CPU
		{CA960FD8-E782-43B5-A800-A8FE0D4E8E7E}.DebugLocal|iPhoneSimulator.ActiveCfg = Debug|Any CPU
		{CA960FD8-E782-43B5-A800-A8FE0D4E8E7E}.DebugLocal|iPhoneSimulator.Build.0 = Debug|Any CPU
		{CA960FD8-E782-43B5-A800-A8FE0D4E8E7E}.DebugLocal|iPhoneSimulator.Deploy.0 = Debug|Any CPU
		{CA960FD8-E782-43B5-A800-A8FE0D4E8E7E}.DebugLocal|x64.ActiveCfg = Debug|Any CPU
		{CA960FD8-E782-43B5-A800-A8FE0D4E8E7E}.DebugLocal|x64.Build.0 = Debug|Any CPU
		{CA960FD8-E782-43B5-A800-A8FE0D4E8E7E}.DebugLocal|x64.Deploy.0 = Debug|Any CPU
		{CA960FD8-E782-43B5-A800-A8FE0D4E8E7E}.DebugLocal|x86.ActiveCfg = Debug|Any CPU
		{CA960FD8-E782-43B5-A800-A8FE0D4E8E7E}.DebugLocal|x86.Build.0 = Debug|Any CPU
		{CA960FD8-E782-43B5-A800-A8FE0D4E8E7E}.DebugLocal|x86.Deploy.0 = Debug|Any CPU
		{CA960FD8-E782-43B5-A800-A8FE0D4E8E7E}.Release|Any CPU.ActiveCfg = Release|Any CPU
		{CA960FD8-E782-43B5-A800-A8FE0D4E8E7E}.Release|Any CPU.Build.0 = Release|Any CPU
		{CA960FD8-E782-43B5-A800-A8FE0D4E8E7E}.Release|Any CPU.Deploy.0 = Release|Any CPU
		{CA960FD8-E782-43B5-A800-A8FE0D4E8E7E}.Release|ARM.ActiveCfg = Release|Any CPU
		{CA960FD8-E782-43B5-A800-A8FE0D4E8E7E}.Release|ARM.Build.0 = Release|Any CPU
		{CA960FD8-E782-43B5-A800-A8FE0D4E8E7E}.Release|ARM.Deploy.0 = Release|Any CPU
		{CA960FD8-E782-43B5-A800-A8FE0D4E8E7E}.Release|iPhone.ActiveCfg = Release|Any CPU
		{CA960FD8-E782-43B5-A800-A8FE0D4E8E7E}.Release|iPhone.Build.0 = Release|Any CPU
		{CA960FD8-E782-43B5-A800-A8FE0D4E8E7E}.Release|iPhone.Deploy.0 = Release|Any CPU
		{CA960FD8-E782-43B5-A800-A8FE0D4E8E7E}.Release|iPhoneSimulator.ActiveCfg = Release|Any CPU
		{CA960FD8-E782-43B5-A800-A8FE0D4E8E7E}.Release|iPhoneSimulator.Build.0 = Release|Any CPU
		{CA960FD8-E782-43B5-A800-A8FE0D4E8E7E}.Release|iPhoneSimulator.Deploy.0 = Release|Any CPU
		{CA960FD8-E782-43B5-A800-A8FE0D4E8E7E}.Release|x64.ActiveCfg = Release|Any CPU
		{CA960FD8-E782-43B5-A800-A8FE0D4E8E7E}.Release|x64.Build.0 = Release|Any CPU
		{CA960FD8-E782-43B5-A800-A8FE0D4E8E7E}.Release|x64.Deploy.0 = Release|Any CPU
		{CA960FD8-E782-43B5-A800-A8FE0D4E8E7E}.Release|x86.ActiveCfg = Release|Any CPU
		{CA960FD8-E782-43B5-A800-A8FE0D4E8E7E}.Release|x86.Build.0 = Release|Any CPU
		{CA960FD8-E782-43B5-A800-A8FE0D4E8E7E}.Release|x86.Deploy.0 = Release|Any CPU
		{843213BD-FBDB-43C7-8523-F6FF2293FB61}.Ad-Hoc|Any CPU.ActiveCfg = Release|x64
		{843213BD-FBDB-43C7-8523-F6FF2293FB61}.Ad-Hoc|Any CPU.Build.0 = Release|x64
		{843213BD-FBDB-43C7-8523-F6FF2293FB61}.Ad-Hoc|Any CPU.Deploy.0 = Release|x64
		{843213BD-FBDB-43C7-8523-F6FF2293FB61}.Ad-Hoc|ARM.ActiveCfg = Release|ARM
		{843213BD-FBDB-43C7-8523-F6FF2293FB61}.Ad-Hoc|ARM.Build.0 = Release|ARM
		{843213BD-FBDB-43C7-8523-F6FF2293FB61}.Ad-Hoc|ARM.Deploy.0 = Release|ARM
		{843213BD-FBDB-43C7-8523-F6FF2293FB61}.Ad-Hoc|iPhone.ActiveCfg = Release|x64
		{843213BD-FBDB-43C7-8523-F6FF2293FB61}.Ad-Hoc|iPhone.Build.0 = Release|x64
		{843213BD-FBDB-43C7-8523-F6FF2293FB61}.Ad-Hoc|iPhone.Deploy.0 = Release|x64
		{843213BD-FBDB-43C7-8523-F6FF2293FB61}.Ad-Hoc|iPhoneSimulator.ActiveCfg = Release|x64
		{843213BD-FBDB-43C7-8523-F6FF2293FB61}.Ad-Hoc|iPhoneSimulator.Build.0 = Release|x64
		{843213BD-FBDB-43C7-8523-F6FF2293FB61}.Ad-Hoc|iPhoneSimulator.Deploy.0 = Release|x64
		{843213BD-FBDB-43C7-8523-F6FF2293FB61}.Ad-Hoc|x64.ActiveCfg = Release|x64
		{843213BD-FBDB-43C7-8523-F6FF2293FB61}.Ad-Hoc|x64.Build.0 = Release|x64
		{843213BD-FBDB-43C7-8523-F6FF2293FB61}.Ad-Hoc|x64.Deploy.0 = Release|x64
		{843213BD-FBDB-43C7-8523-F6FF2293FB61}.Ad-Hoc|x86.ActiveCfg = Release|x86
		{843213BD-FBDB-43C7-8523-F6FF2293FB61}.Ad-Hoc|x86.Build.0 = Release|x86
		{843213BD-FBDB-43C7-8523-F6FF2293FB61}.Ad-Hoc|x86.Deploy.0 = Release|x86
		{843213BD-FBDB-43C7-8523-F6FF2293FB61}.AppStore|Any CPU.ActiveCfg = Release|x64
		{843213BD-FBDB-43C7-8523-F6FF2293FB61}.AppStore|Any CPU.Build.0 = Release|x64
		{843213BD-FBDB-43C7-8523-F6FF2293FB61}.AppStore|Any CPU.Deploy.0 = Release|x64
		{843213BD-FBDB-43C7-8523-F6FF2293FB61}.AppStore|ARM.ActiveCfg = Release|ARM
		{843213BD-FBDB-43C7-8523-F6FF2293FB61}.AppStore|ARM.Build.0 = Release|ARM
		{843213BD-FBDB-43C7-8523-F6FF2293FB61}.AppStore|ARM.Deploy.0 = Release|ARM
		{843213BD-FBDB-43C7-8523-F6FF2293FB61}.AppStore|iPhone.ActiveCfg = Release|x64
		{843213BD-FBDB-43C7-8523-F6FF2293FB61}.AppStore|iPhone.Build.0 = Release|x64
		{843213BD-FBDB-43C7-8523-F6FF2293FB61}.AppStore|iPhone.Deploy.0 = Release|x64
		{843213BD-FBDB-43C7-8523-F6FF2293FB61}.AppStore|iPhoneSimulator.ActiveCfg = Release|x64
		{843213BD-FBDB-43C7-8523-F6FF2293FB61}.AppStore|iPhoneSimulator.Build.0 = Release|x64
		{843213BD-FBDB-43C7-8523-F6FF2293FB61}.AppStore|iPhoneSimulator.Deploy.0 = Release|x64
		{843213BD-FBDB-43C7-8523-F6FF2293FB61}.AppStore|x64.ActiveCfg = Release|x64
		{843213BD-FBDB-43C7-8523-F6FF2293FB61}.AppStore|x64.Build.0 = Release|x64
		{843213BD-FBDB-43C7-8523-F6FF2293FB61}.AppStore|x64.Deploy.0 = Release|x64
		{843213BD-FBDB-43C7-8523-F6FF2293FB61}.AppStore|x86.ActiveCfg = Release|x86
		{843213BD-FBDB-43C7-8523-F6FF2293FB61}.AppStore|x86.Build.0 = Release|x86
		{843213BD-FBDB-43C7-8523-F6FF2293FB61}.AppStore|x86.Deploy.0 = Release|x86
		{843213BD-FBDB-43C7-8523-F6FF2293FB61}.Debug|Any CPU.ActiveCfg = Debug|x86
		{843213BD-FBDB-43C7-8523-F6FF2293FB61}.Debug|ARM.ActiveCfg = Debug|ARM
		{843213BD-FBDB-43C7-8523-F6FF2293FB61}.Debug|ARM.Build.0 = Debug|ARM
		{843213BD-FBDB-43C7-8523-F6FF2293FB61}.Debug|ARM.Deploy.0 = Debug|ARM
		{843213BD-FBDB-43C7-8523-F6FF2293FB61}.Debug|iPhone.ActiveCfg = Debug|x86
		{843213BD-FBDB-43C7-8523-F6FF2293FB61}.Debug|iPhoneSimulator.ActiveCfg = Debug|x86
		{843213BD-FBDB-43C7-8523-F6FF2293FB61}.Debug|x64.ActiveCfg = Debug|x64
		{843213BD-FBDB-43C7-8523-F6FF2293FB61}.Debug|x64.Build.0 = Debug|x64
		{843213BD-FBDB-43C7-8523-F6FF2293FB61}.Debug|x64.Deploy.0 = Debug|x64
		{843213BD-FBDB-43C7-8523-F6FF2293FB61}.Debug|x86.ActiveCfg = Debug|x86
		{843213BD-FBDB-43C7-8523-F6FF2293FB61}.Debug|x86.Build.0 = Debug|x86
		{843213BD-FBDB-43C7-8523-F6FF2293FB61}.Debug|x86.Deploy.0 = Debug|x86
		{843213BD-FBDB-43C7-8523-F6FF2293FB61}.DebugLocal|Any CPU.ActiveCfg = Debug|x64
		{843213BD-FBDB-43C7-8523-F6FF2293FB61}.DebugLocal|Any CPU.Build.0 = Debug|x64
		{843213BD-FBDB-43C7-8523-F6FF2293FB61}.DebugLocal|Any CPU.Deploy.0 = Debug|x64
		{843213BD-FBDB-43C7-8523-F6FF2293FB61}.DebugLocal|ARM.ActiveCfg = Debug|ARM
		{843213BD-FBDB-43C7-8523-F6FF2293FB61}.DebugLocal|ARM.Build.0 = Debug|ARM
		{843213BD-FBDB-43C7-8523-F6FF2293FB61}.DebugLocal|ARM.Deploy.0 = Debug|ARM
		{843213BD-FBDB-43C7-8523-F6FF2293FB61}.DebugLocal|iPhone.ActiveCfg = Debug|x64
		{843213BD-FBDB-43C7-8523-F6FF2293FB61}.DebugLocal|iPhone.Build.0 = Debug|x64
		{843213BD-FBDB-43C7-8523-F6FF2293FB61}.DebugLocal|iPhone.Deploy.0 = Debug|x64
		{843213BD-FBDB-43C7-8523-F6FF2293FB61}.DebugLocal|iPhoneSimulator.ActiveCfg = Debug|x64
		{843213BD-FBDB-43C7-8523-F6FF2293FB61}.DebugLocal|iPhoneSimulator.Build.0 = Debug|x64
		{843213BD-FBDB-43C7-8523-F6FF2293FB61}.DebugLocal|iPhoneSimulator.Deploy.0 = Debug|x64
		{843213BD-FBDB-43C7-8523-F6FF2293FB61}.DebugLocal|x64.ActiveCfg = Debug|x64
		{843213BD-FBDB-43C7-8523-F6FF2293FB61}.DebugLocal|x64.Build.0 = Debug|x64
		{843213BD-FBDB-43C7-8523-F6FF2293FB61}.DebugLocal|x64.Deploy.0 = Debug|x64
		{843213BD-FBDB-43C7-8523-F6FF2293FB61}.DebugLocal|x86.ActiveCfg = Debug|x86
		{843213BD-FBDB-43C7-8523-F6FF2293FB61}.DebugLocal|x86.Build.0 = Debug|x86
		{843213BD-FBDB-43C7-8523-F6FF2293FB61}.DebugLocal|x86.Deploy.0 = Debug|x86
		{843213BD-FBDB-43C7-8523-F6FF2293FB61}.Release|Any CPU.ActiveCfg = Release|x86
		{843213BD-FBDB-43C7-8523-F6FF2293FB61}.Release|ARM.ActiveCfg = Release|ARM
		{843213BD-FBDB-43C7-8523-F6FF2293FB61}.Release|ARM.Build.0 = Release|ARM
		{843213BD-FBDB-43C7-8523-F6FF2293FB61}.Release|ARM.Deploy.0 = Release|ARM
		{843213BD-FBDB-43C7-8523-F6FF2293FB61}.Release|iPhone.ActiveCfg = Release|x86
		{843213BD-FBDB-43C7-8523-F6FF2293FB61}.Release|iPhoneSimulator.ActiveCfg = Release|x86
		{843213BD-FBDB-43C7-8523-F6FF2293FB61}.Release|x64.ActiveCfg = Release|x64
		{843213BD-FBDB-43C7-8523-F6FF2293FB61}.Release|x64.Build.0 = Release|x64
		{843213BD-FBDB-43C7-8523-F6FF2293FB61}.Release|x64.Deploy.0 = Release|x64
		{843213BD-FBDB-43C7-8523-F6FF2293FB61}.Release|x86.ActiveCfg = Release|x86
		{843213BD-FBDB-43C7-8523-F6FF2293FB61}.Release|x86.Build.0 = Release|x86
		{843213BD-FBDB-43C7-8523-F6FF2293FB61}.Release|x86.Deploy.0 = Release|x86
		{AE62AE97-7AFD-4AAA-8B8E-87471FDF9B91}.Ad-Hoc|Any CPU.ActiveCfg = Release|Any CPU
		{AE62AE97-7AFD-4AAA-8B8E-87471FDF9B91}.Ad-Hoc|Any CPU.Build.0 = Release|Any CPU
		{AE62AE97-7AFD-4AAA-8B8E-87471FDF9B91}.Ad-Hoc|ARM.ActiveCfg = Release|Any CPU
		{AE62AE97-7AFD-4AAA-8B8E-87471FDF9B91}.Ad-Hoc|ARM.Build.0 = Release|Any CPU
		{AE62AE97-7AFD-4AAA-8B8E-87471FDF9B91}.Ad-Hoc|iPhone.ActiveCfg = Release|Any CPU
		{AE62AE97-7AFD-4AAA-8B8E-87471FDF9B91}.Ad-Hoc|iPhone.Build.0 = Release|Any CPU
		{AE62AE97-7AFD-4AAA-8B8E-87471FDF9B91}.Ad-Hoc|iPhoneSimulator.ActiveCfg = Release|Any CPU
		{AE62AE97-7AFD-4AAA-8B8E-87471FDF9B91}.Ad-Hoc|iPhoneSimulator.Build.0 = Release|Any CPU
		{AE62AE97-7AFD-4AAA-8B8E-87471FDF9B91}.Ad-Hoc|x64.ActiveCfg = Release|Any CPU
		{AE62AE97-7AFD-4AAA-8B8E-87471FDF9B91}.Ad-Hoc|x64.Build.0 = Release|Any CPU
		{AE62AE97-7AFD-4AAA-8B8E-87471FDF9B91}.Ad-Hoc|x86.ActiveCfg = Release|Any CPU
		{AE62AE97-7AFD-4AAA-8B8E-87471FDF9B91}.Ad-Hoc|x86.Build.0 = Release|Any CPU
		{AE62AE97-7AFD-4AAA-8B8E-87471FDF9B91}.AppStore|Any CPU.ActiveCfg = Release|Any CPU
		{AE62AE97-7AFD-4AAA-8B8E-87471FDF9B91}.AppStore|Any CPU.Build.0 = Release|Any CPU
		{AE62AE97-7AFD-4AAA-8B8E-87471FDF9B91}.AppStore|ARM.ActiveCfg = Release|Any CPU
		{AE62AE97-7AFD-4AAA-8B8E-87471FDF9B91}.AppStore|ARM.Build.0 = Release|Any CPU
		{AE62AE97-7AFD-4AAA-8B8E-87471FDF9B91}.AppStore|iPhone.ActiveCfg = Release|Any CPU
		{AE62AE97-7AFD-4AAA-8B8E-87471FDF9B91}.AppStore|iPhone.Build.0 = Release|Any CPU
		{AE62AE97-7AFD-4AAA-8B8E-87471FDF9B91}.AppStore|iPhoneSimulator.ActiveCfg = Release|Any CPU
		{AE62AE97-7AFD-4AAA-8B8E-87471FDF9B91}.AppStore|iPhoneSimulator.Build.0 = Release|Any CPU
		{AE62AE97-7AFD-4AAA-8B8E-87471FDF9B91}.AppStore|x64.ActiveCfg = Release|Any CPU
		{AE62AE97-7AFD-4AAA-8B8E-87471FDF9B91}.AppStore|x64.Build.0 = Release|Any CPU
		{AE62AE97-7AFD-4AAA-8B8E-87471FDF9B91}.AppStore|x86.ActiveCfg = Release|Any CPU
		{AE62AE97-7AFD-4AAA-8B8E-87471FDF9B91}.AppStore|x86.Build.0 = Release|Any CPU
		{AE62AE97-7AFD-4AAA-8B8E-87471FDF9B91}.Debug|Any CPU.ActiveCfg = Debug|Any CPU
		{AE62AE97-7AFD-4AAA-8B8E-87471FDF9B91}.Debug|Any CPU.Build.0 = Debug|Any CPU
		{AE62AE97-7AFD-4AAA-8B8E-87471FDF9B91}.Debug|ARM.ActiveCfg = Debug|Any CPU
		{AE62AE97-7AFD-4AAA-8B8E-87471FDF9B91}.Debug|ARM.Build.0 = Debug|Any CPU
		{AE62AE97-7AFD-4AAA-8B8E-87471FDF9B91}.Debug|iPhone.ActiveCfg = Debug|Any CPU
		{AE62AE97-7AFD-4AAA-8B8E-87471FDF9B91}.Debug|iPhone.Build.0 = Debug|Any CPU
		{AE62AE97-7AFD-4AAA-8B8E-87471FDF9B91}.Debug|iPhoneSimulator.ActiveCfg = Debug|Any CPU
		{AE62AE97-7AFD-4AAA-8B8E-87471FDF9B91}.Debug|iPhoneSimulator.Build.0 = Debug|Any CPU
		{AE62AE97-7AFD-4AAA-8B8E-87471FDF9B91}.Debug|x64.ActiveCfg = Debug|Any CPU
		{AE62AE97-7AFD-4AAA-8B8E-87471FDF9B91}.Debug|x64.Build.0 = Debug|Any CPU
		{AE62AE97-7AFD-4AAA-8B8E-87471FDF9B91}.Debug|x86.ActiveCfg = Debug|Any CPU
		{AE62AE97-7AFD-4AAA-8B8E-87471FDF9B91}.Debug|x86.Build.0 = Debug|Any CPU
		{AE62AE97-7AFD-4AAA-8B8E-87471FDF9B91}.DebugLocal|Any CPU.ActiveCfg = Debug|Any CPU
		{AE62AE97-7AFD-4AAA-8B8E-87471FDF9B91}.DebugLocal|Any CPU.Build.0 = Debug|Any CPU
		{AE62AE97-7AFD-4AAA-8B8E-87471FDF9B91}.DebugLocal|ARM.ActiveCfg = Debug|Any CPU
		{AE62AE97-7AFD-4AAA-8B8E-87471FDF9B91}.DebugLocal|ARM.Build.0 = Debug|Any CPU
		{AE62AE97-7AFD-4AAA-8B8E-87471FDF9B91}.DebugLocal|iPhone.ActiveCfg = Debug|Any CPU
		{AE62AE97-7AFD-4AAA-8B8E-87471FDF9B91}.DebugLocal|iPhone.Build.0 = Debug|Any CPU
		{AE62AE97-7AFD-4AAA-8B8E-87471FDF9B91}.DebugLocal|iPhoneSimulator.ActiveCfg = Debug|Any CPU
		{AE62AE97-7AFD-4AAA-8B8E-87471FDF9B91}.DebugLocal|iPhoneSimulator.Build.0 = Debug|Any CPU
		{AE62AE97-7AFD-4AAA-8B8E-87471FDF9B91}.DebugLocal|x64.ActiveCfg = Debug|Any CPU
		{AE62AE97-7AFD-4AAA-8B8E-87471FDF9B91}.DebugLocal|x64.Build.0 = Debug|Any CPU
		{AE62AE97-7AFD-4AAA-8B8E-87471FDF9B91}.DebugLocal|x86.ActiveCfg = Debug|Any CPU
		{AE62AE97-7AFD-4AAA-8B8E-87471FDF9B91}.DebugLocal|x86.Build.0 = Debug|Any CPU
		{AE62AE97-7AFD-4AAA-8B8E-87471FDF9B91}.Release|Any CPU.ActiveCfg = Release|Any CPU
		{AE62AE97-7AFD-4AAA-8B8E-87471FDF9B91}.Release|Any CPU.Build.0 = Release|Any CPU
		{AE62AE97-7AFD-4AAA-8B8E-87471FDF9B91}.Release|ARM.ActiveCfg = Release|Any CPU
		{AE62AE97-7AFD-4AAA-8B8E-87471FDF9B91}.Release|ARM.Build.0 = Release|Any CPU
		{AE62AE97-7AFD-4AAA-8B8E-87471FDF9B91}.Release|iPhone.ActiveCfg = Release|Any CPU
		{AE62AE97-7AFD-4AAA-8B8E-87471FDF9B91}.Release|iPhone.Build.0 = Release|Any CPU
		{AE62AE97-7AFD-4AAA-8B8E-87471FDF9B91}.Release|iPhoneSimulator.ActiveCfg = Release|Any CPU
		{AE62AE97-7AFD-4AAA-8B8E-87471FDF9B91}.Release|iPhoneSimulator.Build.0 = Release|Any CPU
		{AE62AE97-7AFD-4AAA-8B8E-87471FDF9B91}.Release|x64.ActiveCfg = Release|Any CPU
		{AE62AE97-7AFD-4AAA-8B8E-87471FDF9B91}.Release|x64.Build.0 = Release|Any CPU
		{AE62AE97-7AFD-4AAA-8B8E-87471FDF9B91}.Release|x86.ActiveCfg = Release|Any CPU
		{AE62AE97-7AFD-4AAA-8B8E-87471FDF9B91}.Release|x86.Build.0 = Release|Any CPU
		{B081BA0A-109E-4AFA-986F-911484DBC9DD}.Ad-Hoc|Any CPU.ActiveCfg = Release|Any CPU
		{B081BA0A-109E-4AFA-986F-911484DBC9DD}.Ad-Hoc|Any CPU.Build.0 = Release|Any CPU
		{B081BA0A-109E-4AFA-986F-911484DBC9DD}.Ad-Hoc|ARM.ActiveCfg = Release|Any CPU
		{B081BA0A-109E-4AFA-986F-911484DBC9DD}.Ad-Hoc|ARM.Build.0 = Release|Any CPU
		{B081BA0A-109E-4AFA-986F-911484DBC9DD}.Ad-Hoc|iPhone.ActiveCfg = Release|Any CPU
		{B081BA0A-109E-4AFA-986F-911484DBC9DD}.Ad-Hoc|iPhone.Build.0 = Release|Any CPU
		{B081BA0A-109E-4AFA-986F-911484DBC9DD}.Ad-Hoc|iPhoneSimulator.ActiveCfg = Release|Any CPU
		{B081BA0A-109E-4AFA-986F-911484DBC9DD}.Ad-Hoc|iPhoneSimulator.Build.0 = Release|Any CPU
		{B081BA0A-109E-4AFA-986F-911484DBC9DD}.Ad-Hoc|x64.ActiveCfg = Release|Any CPU
		{B081BA0A-109E-4AFA-986F-911484DBC9DD}.Ad-Hoc|x64.Build.0 = Release|Any CPU
		{B081BA0A-109E-4AFA-986F-911484DBC9DD}.Ad-Hoc|x86.ActiveCfg = Release|Any CPU
		{B081BA0A-109E-4AFA-986F-911484DBC9DD}.Ad-Hoc|x86.Build.0 = Release|Any CPU
		{B081BA0A-109E-4AFA-986F-911484DBC9DD}.AppStore|Any CPU.ActiveCfg = Release|Any CPU
		{B081BA0A-109E-4AFA-986F-911484DBC9DD}.AppStore|Any CPU.Build.0 = Release|Any CPU
		{B081BA0A-109E-4AFA-986F-911484DBC9DD}.AppStore|ARM.ActiveCfg = Release|Any CPU
		{B081BA0A-109E-4AFA-986F-911484DBC9DD}.AppStore|ARM.Build.0 = Release|Any CPU
		{B081BA0A-109E-4AFA-986F-911484DBC9DD}.AppStore|iPhone.ActiveCfg = Release|Any CPU
		{B081BA0A-109E-4AFA-986F-911484DBC9DD}.AppStore|iPhone.Build.0 = Release|Any CPU
		{B081BA0A-109E-4AFA-986F-911484DBC9DD}.AppStore|iPhoneSimulator.ActiveCfg = Release|Any CPU
		{B081BA0A-109E-4AFA-986F-911484DBC9DD}.AppStore|iPhoneSimulator.Build.0 = Release|Any CPU
		{B081BA0A-109E-4AFA-986F-911484DBC9DD}.AppStore|x64.ActiveCfg = Release|Any CPU
		{B081BA0A-109E-4AFA-986F-911484DBC9DD}.AppStore|x64.Build.0 = Release|Any CPU
		{B081BA0A-109E-4AFA-986F-911484DBC9DD}.AppStore|x86.ActiveCfg = Release|Any CPU
		{B081BA0A-109E-4AFA-986F-911484DBC9DD}.AppStore|x86.Build.0 = Release|Any CPU
		{B081BA0A-109E-4AFA-986F-911484DBC9DD}.Debug|Any CPU.ActiveCfg = Debug|Any CPU
		{B081BA0A-109E-4AFA-986F-911484DBC9DD}.Debug|Any CPU.Build.0 = Debug|Any CPU
		{B081BA0A-109E-4AFA-986F-911484DBC9DD}.Debug|ARM.ActiveCfg = Debug|Any CPU
		{B081BA0A-109E-4AFA-986F-911484DBC9DD}.Debug|ARM.Build.0 = Debug|Any CPU
		{B081BA0A-109E-4AFA-986F-911484DBC9DD}.Debug|iPhone.ActiveCfg = Debug|Any CPU
		{B081BA0A-109E-4AFA-986F-911484DBC9DD}.Debug|iPhone.Build.0 = Debug|Any CPU
		{B081BA0A-109E-4AFA-986F-911484DBC9DD}.Debug|iPhoneSimulator.ActiveCfg = Debug|Any CPU
		{B081BA0A-109E-4AFA-986F-911484DBC9DD}.Debug|iPhoneSimulator.Build.0 = Debug|Any CPU
		{B081BA0A-109E-4AFA-986F-911484DBC9DD}.Debug|x64.ActiveCfg = Debug|Any CPU
		{B081BA0A-109E-4AFA-986F-911484DBC9DD}.Debug|x64.Build.0 = Debug|Any CPU
		{B081BA0A-109E-4AFA-986F-911484DBC9DD}.Debug|x86.ActiveCfg = Debug|Any CPU
		{B081BA0A-109E-4AFA-986F-911484DBC9DD}.Debug|x86.Build.0 = Debug|Any CPU
		{B081BA0A-109E-4AFA-986F-911484DBC9DD}.DebugLocal|Any CPU.ActiveCfg = Debug|Any CPU
		{B081BA0A-109E-4AFA-986F-911484DBC9DD}.DebugLocal|Any CPU.Build.0 = Debug|Any CPU
		{B081BA0A-109E-4AFA-986F-911484DBC9DD}.DebugLocal|ARM.ActiveCfg = Debug|Any CPU
		{B081BA0A-109E-4AFA-986F-911484DBC9DD}.DebugLocal|ARM.Build.0 = Debug|Any CPU
		{B081BA0A-109E-4AFA-986F-911484DBC9DD}.DebugLocal|iPhone.ActiveCfg = Debug|Any CPU
		{B081BA0A-109E-4AFA-986F-911484DBC9DD}.DebugLocal|iPhone.Build.0 = Debug|Any CPU
		{B081BA0A-109E-4AFA-986F-911484DBC9DD}.DebugLocal|iPhoneSimulator.ActiveCfg = Debug|Any CPU
		{B081BA0A-109E-4AFA-986F-911484DBC9DD}.DebugLocal|iPhoneSimulator.Build.0 = Debug|Any CPU
		{B081BA0A-109E-4AFA-986F-911484DBC9DD}.DebugLocal|x64.ActiveCfg = Debug|Any CPU
		{B081BA0A-109E-4AFA-986F-911484DBC9DD}.DebugLocal|x64.Build.0 = Debug|Any CPU
		{B081BA0A-109E-4AFA-986F-911484DBC9DD}.DebugLocal|x86.ActiveCfg = Debug|Any CPU
		{B081BA0A-109E-4AFA-986F-911484DBC9DD}.DebugLocal|x86.Build.0 = Debug|Any CPU
		{B081BA0A-109E-4AFA-986F-911484DBC9DD}.Release|Any CPU.ActiveCfg = Release|Any CPU
		{B081BA0A-109E-4AFA-986F-911484DBC9DD}.Release|Any CPU.Build.0 = Release|Any CPU
		{B081BA0A-109E-4AFA-986F-911484DBC9DD}.Release|ARM.ActiveCfg = Release|Any CPU
		{B081BA0A-109E-4AFA-986F-911484DBC9DD}.Release|ARM.Build.0 = Release|Any CPU
		{B081BA0A-109E-4AFA-986F-911484DBC9DD}.Release|iPhone.ActiveCfg = Release|Any CPU
		{B081BA0A-109E-4AFA-986F-911484DBC9DD}.Release|iPhone.Build.0 = Release|Any CPU
		{B081BA0A-109E-4AFA-986F-911484DBC9DD}.Release|iPhoneSimulator.ActiveCfg = Release|Any CPU
		{B081BA0A-109E-4AFA-986F-911484DBC9DD}.Release|iPhoneSimulator.Build.0 = Release|Any CPU
		{B081BA0A-109E-4AFA-986F-911484DBC9DD}.Release|x64.ActiveCfg = Release|Any CPU
		{B081BA0A-109E-4AFA-986F-911484DBC9DD}.Release|x64.Build.0 = Release|Any CPU
		{B081BA0A-109E-4AFA-986F-911484DBC9DD}.Release|x86.ActiveCfg = Release|Any CPU
		{B081BA0A-109E-4AFA-986F-911484DBC9DD}.Release|x86.Build.0 = Release|Any CPU
		{4829B56C-C920-4507-9C68-A84E8ED0ED8F}.Ad-Hoc|Any CPU.ActiveCfg = Release|Any CPU
		{4829B56C-C920-4507-9C68-A84E8ED0ED8F}.Ad-Hoc|Any CPU.Build.0 = Release|Any CPU
		{4829B56C-C920-4507-9C68-A84E8ED0ED8F}.Ad-Hoc|ARM.ActiveCfg = Release|Any CPU
		{4829B56C-C920-4507-9C68-A84E8ED0ED8F}.Ad-Hoc|ARM.Build.0 = Release|Any CPU
		{4829B56C-C920-4507-9C68-A84E8ED0ED8F}.Ad-Hoc|iPhone.ActiveCfg = Release|Any CPU
		{4829B56C-C920-4507-9C68-A84E8ED0ED8F}.Ad-Hoc|iPhone.Build.0 = Release|Any CPU
		{4829B56C-C920-4507-9C68-A84E8ED0ED8F}.Ad-Hoc|iPhoneSimulator.ActiveCfg = Release|Any CPU
		{4829B56C-C920-4507-9C68-A84E8ED0ED8F}.Ad-Hoc|iPhoneSimulator.Build.0 = Release|Any CPU
		{4829B56C-C920-4507-9C68-A84E8ED0ED8F}.Ad-Hoc|x64.ActiveCfg = Release|Any CPU
		{4829B56C-C920-4507-9C68-A84E8ED0ED8F}.Ad-Hoc|x64.Build.0 = Release|Any CPU
		{4829B56C-C920-4507-9C68-A84E8ED0ED8F}.Ad-Hoc|x86.ActiveCfg = Release|Any CPU
		{4829B56C-C920-4507-9C68-A84E8ED0ED8F}.Ad-Hoc|x86.Build.0 = Release|Any CPU
		{4829B56C-C920-4507-9C68-A84E8ED0ED8F}.AppStore|Any CPU.ActiveCfg = Release|Any CPU
		{4829B56C-C920-4507-9C68-A84E8ED0ED8F}.AppStore|Any CPU.Build.0 = Release|Any CPU
		{4829B56C-C920-4507-9C68-A84E8ED0ED8F}.AppStore|ARM.ActiveCfg = Release|Any CPU
		{4829B56C-C920-4507-9C68-A84E8ED0ED8F}.AppStore|ARM.Build.0 = Release|Any CPU
		{4829B56C-C920-4507-9C68-A84E8ED0ED8F}.AppStore|iPhone.ActiveCfg = Release|Any CPU
		{4829B56C-C920-4507-9C68-A84E8ED0ED8F}.AppStore|iPhone.Build.0 = Release|Any CPU
		{4829B56C-C920-4507-9C68-A84E8ED0ED8F}.AppStore|iPhoneSimulator.ActiveCfg = Release|Any CPU
		{4829B56C-C920-4507-9C68-A84E8ED0ED8F}.AppStore|iPhoneSimulator.Build.0 = Release|Any CPU
		{4829B56C-C920-4507-9C68-A84E8ED0ED8F}.AppStore|x64.ActiveCfg = Release|Any CPU
		{4829B56C-C920-4507-9C68-A84E8ED0ED8F}.AppStore|x64.Build.0 = Release|Any CPU
		{4829B56C-C920-4507-9C68-A84E8ED0ED8F}.AppStore|x86.ActiveCfg = Release|Any CPU
		{4829B56C-C920-4507-9C68-A84E8ED0ED8F}.AppStore|x86.Build.0 = Release|Any CPU
		{4829B56C-C920-4507-9C68-A84E8ED0ED8F}.Debug|Any CPU.ActiveCfg = Debug|Any CPU
		{4829B56C-C920-4507-9C68-A84E8ED0ED8F}.Debug|Any CPU.Build.0 = Debug|Any CPU
		{4829B56C-C920-4507-9C68-A84E8ED0ED8F}.Debug|ARM.ActiveCfg = Debug|Any CPU
		{4829B56C-C920-4507-9C68-A84E8ED0ED8F}.Debug|ARM.Build.0 = Debug|Any CPU
		{4829B56C-C920-4507-9C68-A84E8ED0ED8F}.Debug|iPhone.ActiveCfg = Debug|Any CPU
		{4829B56C-C920-4507-9C68-A84E8ED0ED8F}.Debug|iPhone.Build.0 = Debug|Any CPU
		{4829B56C-C920-4507-9C68-A84E8ED0ED8F}.Debug|iPhoneSimulator.ActiveCfg = Debug|Any CPU
		{4829B56C-C920-4507-9C68-A84E8ED0ED8F}.Debug|iPhoneSimulator.Build.0 = Debug|Any CPU
		{4829B56C-C920-4507-9C68-A84E8ED0ED8F}.Debug|x64.ActiveCfg = Debug|Any CPU
		{4829B56C-C920-4507-9C68-A84E8ED0ED8F}.Debug|x64.Build.0 = Debug|Any CPU
		{4829B56C-C920-4507-9C68-A84E8ED0ED8F}.Debug|x86.ActiveCfg = Debug|Any CPU
		{4829B56C-C920-4507-9C68-A84E8ED0ED8F}.Debug|x86.Build.0 = Debug|Any CPU
		{4829B56C-C920-4507-9C68-A84E8ED0ED8F}.DebugLocal|Any CPU.ActiveCfg = Debug|Any CPU
		{4829B56C-C920-4507-9C68-A84E8ED0ED8F}.DebugLocal|Any CPU.Build.0 = Debug|Any CPU
		{4829B56C-C920-4507-9C68-A84E8ED0ED8F}.DebugLocal|ARM.ActiveCfg = Debug|Any CPU
		{4829B56C-C920-4507-9C68-A84E8ED0ED8F}.DebugLocal|ARM.Build.0 = Debug|Any CPU
		{4829B56C-C920-4507-9C68-A84E8ED0ED8F}.DebugLocal|iPhone.ActiveCfg = Debug|Any CPU
		{4829B56C-C920-4507-9C68-A84E8ED0ED8F}.DebugLocal|iPhone.Build.0 = Debug|Any CPU
		{4829B56C-C920-4507-9C68-A84E8ED0ED8F}.DebugLocal|iPhoneSimulator.ActiveCfg = Debug|Any CPU
		{4829B56C-C920-4507-9C68-A84E8ED0ED8F}.DebugLocal|iPhoneSimulator.Build.0 = Debug|Any CPU
		{4829B56C-C920-4507-9C68-A84E8ED0ED8F}.DebugLocal|x64.ActiveCfg = Debug|Any CPU
		{4829B56C-C920-4507-9C68-A84E8ED0ED8F}.DebugLocal|x64.Build.0 = Debug|Any CPU
		{4829B56C-C920-4507-9C68-A84E8ED0ED8F}.DebugLocal|x86.ActiveCfg = Debug|Any CPU
		{4829B56C-C920-4507-9C68-A84E8ED0ED8F}.DebugLocal|x86.Build.0 = Debug|Any CPU
		{4829B56C-C920-4507-9C68-A84E8ED0ED8F}.Release|Any CPU.ActiveCfg = Release|Any CPU
		{4829B56C-C920-4507-9C68-A84E8ED0ED8F}.Release|Any CPU.Build.0 = Release|Any CPU
		{4829B56C-C920-4507-9C68-A84E8ED0ED8F}.Release|ARM.ActiveCfg = Release|Any CPU
		{4829B56C-C920-4507-9C68-A84E8ED0ED8F}.Release|ARM.Build.0 = Release|Any CPU
		{4829B56C-C920-4507-9C68-A84E8ED0ED8F}.Release|iPhone.ActiveCfg = Release|Any CPU
		{4829B56C-C920-4507-9C68-A84E8ED0ED8F}.Release|iPhone.Build.0 = Release|Any CPU
		{4829B56C-C920-4507-9C68-A84E8ED0ED8F}.Release|iPhoneSimulator.ActiveCfg = Release|Any CPU
		{4829B56C-C920-4507-9C68-A84E8ED0ED8F}.Release|iPhoneSimulator.Build.0 = Release|Any CPU
		{4829B56C-C920-4507-9C68-A84E8ED0ED8F}.Release|x64.ActiveCfg = Release|Any CPU
		{4829B56C-C920-4507-9C68-A84E8ED0ED8F}.Release|x64.Build.0 = Release|Any CPU
		{4829B56C-C920-4507-9C68-A84E8ED0ED8F}.Release|x86.ActiveCfg = Release|Any CPU
		{4829B56C-C920-4507-9C68-A84E8ED0ED8F}.Release|x86.Build.0 = Release|Any CPU
		{391E7DFA-6E63-4E07-A25A-AE18BD6DB483}.Ad-Hoc|Any CPU.ActiveCfg = Release
		{391E7DFA-6E63-4E07-A25A-AE18BD6DB483}.Ad-Hoc|Any CPU.Build.0 = Release
		{391E7DFA-6E63-4E07-A25A-AE18BD6DB483}.Ad-Hoc|Any CPU.Deploy.0 = Release
		{391E7DFA-6E63-4E07-A25A-AE18BD6DB483}.Ad-Hoc|ARM.ActiveCfg = Release
		{391E7DFA-6E63-4E07-A25A-AE18BD6DB483}.Ad-Hoc|ARM.Build.0 = Release
		{391E7DFA-6E63-4E07-A25A-AE18BD6DB483}.Ad-Hoc|ARM.Deploy.0 = Release
		{391E7DFA-6E63-4E07-A25A-AE18BD6DB483}.Ad-Hoc|iPhone.ActiveCfg = Release
		{391E7DFA-6E63-4E07-A25A-AE18BD6DB483}.Ad-Hoc|iPhone.Build.0 = Release
		{391E7DFA-6E63-4E07-A25A-AE18BD6DB483}.Ad-Hoc|iPhone.Deploy.0 = Release
		{391E7DFA-6E63-4E07-A25A-AE18BD6DB483}.Ad-Hoc|iPhoneSimulator.ActiveCfg = Release
		{391E7DFA-6E63-4E07-A25A-AE18BD6DB483}.Ad-Hoc|iPhoneSimulator.Build.0 = Release
		{391E7DFA-6E63-4E07-A25A-AE18BD6DB483}.Ad-Hoc|iPhoneSimulator.Deploy.0 = Release
		{391E7DFA-6E63-4E07-A25A-AE18BD6DB483}.Ad-Hoc|x64.ActiveCfg = Release
		{391E7DFA-6E63-4E07-A25A-AE18BD6DB483}.Ad-Hoc|x64.Build.0 = Release
		{391E7DFA-6E63-4E07-A25A-AE18BD6DB483}.Ad-Hoc|x64.Deploy.0 = Release
		{391E7DFA-6E63-4E07-A25A-AE18BD6DB483}.Ad-Hoc|x86.ActiveCfg = Release
		{391E7DFA-6E63-4E07-A25A-AE18BD6DB483}.Ad-Hoc|x86.Build.0 = Release
		{391E7DFA-6E63-4E07-A25A-AE18BD6DB483}.Ad-Hoc|x86.Deploy.0 = Release
		{391E7DFA-6E63-4E07-A25A-AE18BD6DB483}.AppStore|Any CPU.ActiveCfg = Release
		{391E7DFA-6E63-4E07-A25A-AE18BD6DB483}.AppStore|Any CPU.Build.0 = Release
		{391E7DFA-6E63-4E07-A25A-AE18BD6DB483}.AppStore|Any CPU.Deploy.0 = Release
		{391E7DFA-6E63-4E07-A25A-AE18BD6DB483}.AppStore|ARM.ActiveCfg = Release
		{391E7DFA-6E63-4E07-A25A-AE18BD6DB483}.AppStore|ARM.Build.0 = Release
		{391E7DFA-6E63-4E07-A25A-AE18BD6DB483}.AppStore|ARM.Deploy.0 = Release
		{391E7DFA-6E63-4E07-A25A-AE18BD6DB483}.AppStore|iPhone.ActiveCfg = Release
		{391E7DFA-6E63-4E07-A25A-AE18BD6DB483}.AppStore|iPhone.Build.0 = Release
		{391E7DFA-6E63-4E07-A25A-AE18BD6DB483}.AppStore|iPhone.Deploy.0 = Release
		{391E7DFA-6E63-4E07-A25A-AE18BD6DB483}.AppStore|iPhoneSimulator.ActiveCfg = Release
		{391E7DFA-6E63-4E07-A25A-AE18BD6DB483}.AppStore|iPhoneSimulator.Build.0 = Release
		{391E7DFA-6E63-4E07-A25A-AE18BD6DB483}.AppStore|iPhoneSimulator.Deploy.0 = Release
		{391E7DFA-6E63-4E07-A25A-AE18BD6DB483}.AppStore|x64.ActiveCfg = Release
		{391E7DFA-6E63-4E07-A25A-AE18BD6DB483}.AppStore|x64.Build.0 = Release
		{391E7DFA-6E63-4E07-A25A-AE18BD6DB483}.AppStore|x64.Deploy.0 = Release
		{391E7DFA-6E63-4E07-A25A-AE18BD6DB483}.AppStore|x86.ActiveCfg = Release
		{391E7DFA-6E63-4E07-A25A-AE18BD6DB483}.AppStore|x86.Build.0 = Release
		{391E7DFA-6E63-4E07-A25A-AE18BD6DB483}.AppStore|x86.Deploy.0 = Release
		{391E7DFA-6E63-4E07-A25A-AE18BD6DB483}.Debug|Any CPU.ActiveCfg = Debug
		{391E7DFA-6E63-4E07-A25A-AE18BD6DB483}.Debug|Any CPU.Build.0 = Debug
		{391E7DFA-6E63-4E07-A25A-AE18BD6DB483}.Debug|Any CPU.Deploy.0 = Debug
		{391E7DFA-6E63-4E07-A25A-AE18BD6DB483}.Debug|ARM.ActiveCfg = Debug
		{391E7DFA-6E63-4E07-A25A-AE18BD6DB483}.Debug|ARM.Build.0 = Debug
		{391E7DFA-6E63-4E07-A25A-AE18BD6DB483}.Debug|ARM.Deploy.0 = Debug
		{391E7DFA-6E63-4E07-A25A-AE18BD6DB483}.Debug|iPhone.ActiveCfg = Debug
		{391E7DFA-6E63-4E07-A25A-AE18BD6DB483}.Debug|iPhone.Build.0 = Debug
		{391E7DFA-6E63-4E07-A25A-AE18BD6DB483}.Debug|iPhone.Deploy.0 = Debug
		{391E7DFA-6E63-4E07-A25A-AE18BD6DB483}.Debug|iPhoneSimulator.ActiveCfg = Debug
		{391E7DFA-6E63-4E07-A25A-AE18BD6DB483}.Debug|iPhoneSimulator.Build.0 = Debug
		{391E7DFA-6E63-4E07-A25A-AE18BD6DB483}.Debug|iPhoneSimulator.Deploy.0 = Debug
		{391E7DFA-6E63-4E07-A25A-AE18BD6DB483}.Debug|x64.ActiveCfg = Debug
		{391E7DFA-6E63-4E07-A25A-AE18BD6DB483}.Debug|x64.Build.0 = Debug
		{391E7DFA-6E63-4E07-A25A-AE18BD6DB483}.Debug|x64.Deploy.0 = Debug
		{391E7DFA-6E63-4E07-A25A-AE18BD6DB483}.Debug|x86.ActiveCfg = Debug
		{391E7DFA-6E63-4E07-A25A-AE18BD6DB483}.Debug|x86.Build.0 = Debug
		{391E7DFA-6E63-4E07-A25A-AE18BD6DB483}.Debug|x86.Deploy.0 = Debug
		{391E7DFA-6E63-4E07-A25A-AE18BD6DB483}.DebugLocal|Any CPU.ActiveCfg = DebugLocal
		{391E7DFA-6E63-4E07-A25A-AE18BD6DB483}.DebugLocal|Any CPU.Build.0 = DebugLocal
		{391E7DFA-6E63-4E07-A25A-AE18BD6DB483}.DebugLocal|ARM.ActiveCfg = DebugLocal
		{391E7DFA-6E63-4E07-A25A-AE18BD6DB483}.DebugLocal|ARM.Build.0 = DebugLocal
		{391E7DFA-6E63-4E07-A25A-AE18BD6DB483}.DebugLocal|iPhone.ActiveCfg = DebugLocal
		{391E7DFA-6E63-4E07-A25A-AE18BD6DB483}.DebugLocal|iPhone.Build.0 = DebugLocal
		{391E7DFA-6E63-4E07-A25A-AE18BD6DB483}.DebugLocal|iPhoneSimulator.ActiveCfg = DebugLocal
		{391E7DFA-6E63-4E07-A25A-AE18BD6DB483}.DebugLocal|iPhoneSimulator.Build.0 = DebugLocal
		{391E7DFA-6E63-4E07-A25A-AE18BD6DB483}.DebugLocal|x64.ActiveCfg = DebugLocal
		{391E7DFA-6E63-4E07-A25A-AE18BD6DB483}.DebugLocal|x64.Build.0 = DebugLocal
		{391E7DFA-6E63-4E07-A25A-AE18BD6DB483}.DebugLocal|x86.ActiveCfg = DebugLocal
		{391E7DFA-6E63-4E07-A25A-AE18BD6DB483}.DebugLocal|x86.Build.0 = DebugLocal
		{391E7DFA-6E63-4E07-A25A-AE18BD6DB483}.Release|Any CPU.ActiveCfg = Release
		{391E7DFA-6E63-4E07-A25A-AE18BD6DB483}.Release|Any CPU.Build.0 = Release
		{391E7DFA-6E63-4E07-A25A-AE18BD6DB483}.Release|Any CPU.Deploy.0 = Release
		{391E7DFA-6E63-4E07-A25A-AE18BD6DB483}.Release|ARM.ActiveCfg = Release
		{391E7DFA-6E63-4E07-A25A-AE18BD6DB483}.Release|ARM.Build.0 = Release
		{391E7DFA-6E63-4E07-A25A-AE18BD6DB483}.Release|ARM.Deploy.0 = Release
		{391E7DFA-6E63-4E07-A25A-AE18BD6DB483}.Release|iPhone.ActiveCfg = Release
		{391E7DFA-6E63-4E07-A25A-AE18BD6DB483}.Release|iPhone.Build.0 = Release
		{391E7DFA-6E63-4E07-A25A-AE18BD6DB483}.Release|iPhone.Deploy.0 = Release
		{391E7DFA-6E63-4E07-A25A-AE18BD6DB483}.Release|iPhoneSimulator.ActiveCfg = Release
		{391E7DFA-6E63-4E07-A25A-AE18BD6DB483}.Release|iPhoneSimulator.Build.0 = Release
		{391E7DFA-6E63-4E07-A25A-AE18BD6DB483}.Release|iPhoneSimulator.Deploy.0 = Release
		{391E7DFA-6E63-4E07-A25A-AE18BD6DB483}.Release|x64.ActiveCfg = Release
		{391E7DFA-6E63-4E07-A25A-AE18BD6DB483}.Release|x64.Build.0 = Release
		{391E7DFA-6E63-4E07-A25A-AE18BD6DB483}.Release|x64.Deploy.0 = Release
		{391E7DFA-6E63-4E07-A25A-AE18BD6DB483}.Release|x86.ActiveCfg = Release
		{391E7DFA-6E63-4E07-A25A-AE18BD6DB483}.Release|x86.Build.0 = Release
		{391E7DFA-6E63-4E07-A25A-AE18BD6DB483}.Release|x86.Deploy.0 = Release
	EndGlobalSection
	GlobalSection(SolutionProperties) = preSolution
		HideSolutionNode = FALSE
	EndGlobalSection
	GlobalSection(ExtensibilityGlobals) = postSolution
		SolutionGuid = {4D032BB0-75D1-48CB-8A28-5BB98A402E14}
	EndGlobalSection
EndGlobal
