
Microsoft Visual Studio Solution File, Format Version 12.00
# Visual Studio Version 18
VisualStudioVersion = 18.0.11222.15
MinimumVisualStudioVersion = 10.0.40219.1
Project("{F14B399A-7131-4C87-9E4B-1186C45EF12D}") = "OpFlow.Analytics", "OpFlow.Analytics\OpFlow.Analytics.rptproj", "{391E7DFA-6E63-4E07-A25A-AE18BD6DB483}"
EndProject
Project("{FAE04EC0-301F-11D3-BF4B-00C04F79EFBC}") = "CoreTests", "CoreTests\CoreTests.csproj", "{412CF6AA-A9F6-4F8C-BC0E-FBDBD3407FB2}"
EndProject
Project("{FAE04EC0-301F-11D3-BF4B-00C04F79EFBC}") = "OpFlow.Service.Core", "OpFlow.Service.Core\OpFlow.Service.Core.csproj", "{48366189-A793-45D0-8BBE-A2740D554EAA}"
EndProject
Project("{FAE04EC0-301F-11D3-BF4B-00C04F79EFBC}") = "OpFlow.Data.Core", "OpFlow.Data.Core\OpFlow.Data.Core.csproj", "{889EE20D-C43F-431B-AEE9-CAA62724EFAE}"
EndProject
Global
	GlobalSection(SolutionConfigurationPlatforms) = preSolution
		Ad-Hoc|Any CPU = Ad-Hoc|Any CPU
		Ad-Hoc|ARM = Ad-Hoc|ARM
		Ad-Hoc|iPhone = Ad-Hoc|iPhone
		Ad-Hoc|iPhoneSimulator = Ad-Hoc|iPhoneSimulator
		Ad-Hoc|x64 = Ad-Hoc|x64
		Ad-Hoc|x86 = Ad-Hoc|x86
		AppStore|Any CPU = AppStore|Any CPU
		AppStore|ARM = AppStore|ARM
		AppStore|iPhone = AppStore|iPhone
		AppStore|iPhoneSimulator = AppStore|iPhoneSimulator
		AppStore|x64 = AppStore|x64
		AppStore|x86 = AppStore|x86
		Debug|Any CPU = Debug|Any CPU
		Debug|ARM = Debug|ARM
		Debug|iPhone = Debug|iPhone
		Debug|iPhoneSimulator = Debug|iPhoneSimulator
		Debug|x64 = Debug|x64
		Debug|x86 = Debug|x86
		DebugLocal|Any CPU = DebugLocal|Any CPU
		DebugLocal|ARM = DebugLocal|ARM
		DebugLocal|iPhone = DebugLocal|iPhone
		DebugLocal|iPhoneSimulator = DebugLocal|iPhoneSimulator
		DebugLocal|x64 = DebugLocal|x64
		DebugLocal|x86 = DebugLocal|x86
		Release|Any CPU = Release|Any CPU
		Release|ARM = Release|ARM
		Release|iPhone = Release|iPhone
		Release|iPhoneSimulator = Release|iPhoneSimulator
		Release|x64 = Release|x64
		Release|x86 = Release|x86
	EndGlobalSection
	GlobalSection(ProjectConfigurationPlatforms) = postSolution
		{391E7DFA-6E63-4E07-A25A-AE18BD6DB483}.Ad-Hoc|Any CPU.ActiveCfg = Release
		{391E7DFA-6E63-4E07-A25A-AE18BD6DB483}.Ad-Hoc|Any CPU.Build.0 = Release
		{391E7DFA-6E63-4E07-A25A-AE18BD6DB483}.Ad-Hoc|Any CPU.Deploy.0 = Release
		{391E7DFA-6E63-4E07-A25A-AE18BD6DB483}.Ad-Hoc|ARM.ActiveCfg = Release
		{391E7DFA-6E63-4E07-A25A-AE18BD6DB483}.Ad-Hoc|ARM.Build.0 = Release
		{391E7DFA-6E63-4E07-A25A-AE18BD6DB483}.Ad-Hoc|ARM.Deploy.0 = Release
		{391E7DFA-6E63-4E07-A25A-AE18BD6DB483}.Ad-Hoc|iPhone.ActiveCfg = Release
		{391E7DFA-6E63-4E07-A25A-AE18BD6DB483}.Ad-Hoc|iPhone.Build.0 = Release
		{391E7DFA-6E63-4E07-A25A-AE18BD6DB483}.Ad-Hoc|iPhone.Deploy.0 = Release
		{391E7DFA-6E63-4E07-A25A-AE18BD6DB483}.Ad-Hoc|iPhoneSimulator.ActiveCfg = Release
		{391E7DFA-6E63-4E07-A25A-AE18BD6DB483}.Ad-Hoc|iPhoneSimulator.Build.0 = Release
		{391E7DFA-6E63-4E07-A25A-AE18BD6DB483}.Ad-Hoc|iPhoneSimulator.Deploy.0 = Release
		{391E7DFA-6E63-4E07-A25A-AE18BD6DB483}.Ad-Hoc|x64.ActiveCfg = Release
		{391E7DFA-6E63-4E07-A25A-AE18BD6DB483}.Ad-Hoc|x64.Build.0 = Release
		{391E7DFA-6E63-4E07-A25A-AE18BD6DB483}.Ad-Hoc|x64.Deploy.0 = Release
		{391E7DFA-6E63-4E07-A25A-AE18BD6DB483}.Ad-Hoc|x86.ActiveCfg = Release
		{391E7DFA-6E63-4E07-A25A-AE18BD6DB483}.Ad-Hoc|x86.Build.0 = Release
		{391E7DFA-6E63-4E07-A25A-AE18BD6DB483}.Ad-Hoc|x86.Deploy.0 = Release
		{391E7DFA-6E63-4E07-A25A-AE18BD6DB483}.AppStore|Any CPU.ActiveCfg = Release
		{391E7DFA-6E63-4E07-A25A-AE18BD6DB483}.AppStore|Any CPU.Build.0 = Release
		{391E7DFA-6E63-4E07-A25A-AE18BD6DB483}.AppStore|Any CPU.Deploy.0 = Release
		{391E7DFA-6E63-4E07-A25A-AE18BD6DB483}.AppStore|ARM.ActiveCfg = Release
		{391E7DFA-6E63-4E07-A25A-AE18BD6DB483}.AppStore|ARM.Build.0 = Release
		{391E7DFA-6E63-4E07-A25A-AE18BD6DB483}.AppStore|ARM.Deploy.0 = Release
		{391E7DFA-6E63-4E07-A25A-AE18BD6DB483}.AppStore|iPhone.ActiveCfg = Release
		{391E7DFA-6E63-4E07-A25A-AE18BD6DB483}.AppStore|iPhone.Build.0 = Release
		{391E7DFA-6E63-4E07-A25A-AE18BD6DB483}.AppStore|iPhone.Deploy.0 = Release
		{391E7DFA-6E63-4E07-A25A-AE18BD6DB483}.AppStore|iPhoneSimulator.ActiveCfg = Release
		{391E7DFA-6E63-4E07-A25A-AE18BD6DB483}.AppStore|iPhoneSimulator.Build.0 = Release
		{391E7DFA-6E63-4E07-A25A-AE18BD6DB483}.AppStore|iPhoneSimulator.Deploy.0 = Release
		{391E7DFA-6E63-4E07-A25A-AE18BD6DB483}.AppStore|x64.ActiveCfg = Release
		{391E7DFA-6E63-4E07-A25A-AE18BD6DB483}.AppStore|x64.Build.0 = Release
		{391E7DFA-6E63-4E07-A25A-AE18BD6DB483}.AppStore|x64.Deploy.0 = Release
		{391E7DFA-6E63-4E07-A25A-AE18BD6DB483}.AppStore|x86.ActiveCfg = Release
		{391E7DFA-6E63-4E07-A25A-AE18BD6DB483}.AppStore|x86.Build.0 = Release
		{391E7DFA-6E63-4E07-A25A-AE18BD6DB483}.AppStore|x86.Deploy.0 = Release
		{391E7DFA-6E63-4E07-A25A-AE18BD6DB483}.Debug|Any CPU.ActiveCfg = Debug
		{391E7DFA-6E63-4E07-A25A-AE18BD6DB483}.Debug|Any CPU.Build.0 = Debug
		{391E7DFA-6E63-4E07-A25A-AE18BD6DB483}.Debug|Any CPU.Deploy.0 = Debug
		{391E7DFA-6E63-4E07-A25A-AE18BD6DB483}.Debug|ARM.ActiveCfg = Debug
		{391E7DFA-6E63-4E07-A25A-AE18BD6DB483}.Debug|ARM.Build.0 = Debug
		{391E7DFA-6E63-4E07-A25A-AE18BD6DB483}.Debug|ARM.Deploy.0 = Debug
		{391E7DFA-6E63-4E07-A25A-AE18BD6DB483}.Debug|iPhone.ActiveCfg = Debug
		{391E7DFA-6E63-4E07-A25A-AE18BD6DB483}.Debug|iPhone.Build.0 = Debug
		{391E7DFA-6E63-4E07-A25A-AE18BD6DB483}.Debug|iPhone.Deploy.0 = Debug
		{391E7DFA-6E63-4E07-A25A-AE18BD6DB483}.Debug|iPhoneSimulator.ActiveCfg = Debug
		{391E7DFA-6E63-4E07-A25A-AE18BD6DB483}.Debug|iPhoneSimulator.Build.0 = Debug
		{391E7DFA-6E63-4E07-A25A-AE18BD6DB483}.Debug|iPhoneSimulator.Deploy.0 = Debug
		{391E7DFA-6E63-4E07-A25A-AE18BD6DB483}.Debug|x64.ActiveCfg = Debug
		{391E7DFA-6E63-4E07-A25A-AE18BD6DB483}.Debug|x64.Build.0 = Debug
		{391E7DFA-6E63-4E07-A25A-AE18BD6DB483}.Debug|x64.Deploy.0 = Debug
		{391E7DFA-6E63-4E07-A25A-AE18BD6DB483}.Debug|x86.ActiveCfg = Debug
		{391E7DFA-6E63-4E07-A25A-AE18BD6DB483}.Debug|x86.Build.0 = Debug
		{391E7DFA-6E63-4E07-A25A-AE18BD6DB483}.Debug|x86.Deploy.0 = Debug
		{391E7DFA-6E63-4E07-A25A-AE18BD6DB483}.DebugLocal|Any CPU.ActiveCfg = DebugLocal
		{391E7DFA-6E63-4E07-A25A-AE18BD6DB483}.DebugLocal|Any CPU.Build.0 = DebugLocal
		{391E7DFA-6E63-4E07-A25A-AE18BD6DB483}.DebugLocal|ARM.ActiveCfg = DebugLocal
		{391E7DFA-6E63-4E07-A25A-AE18BD6DB483}.DebugLocal|ARM.Build.0 = DebugLocal
		{391E7DFA-6E63-4E07-A25A-AE18BD6DB483}.DebugLocal|iPhone.ActiveCfg = DebugLocal
		{391E7DFA-6E63-4E07-A25A-AE18BD6DB483}.DebugLocal|iPhone.Build.0 = DebugLocal
		{391E7DFA-6E63-4E07-A25A-AE18BD6DB483}.DebugLocal|iPhoneSimulator.ActiveCfg = DebugLocal
		{391E7DFA-6E63-4E07-A25A-AE18BD6DB483}.DebugLocal|iPhoneSimulator.Build.0 = DebugLocal
		{391E7DFA-6E63-4E07-A25A-AE18BD6DB483}.DebugLocal|x64.ActiveCfg = DebugLocal
		{391E7DFA-6E63-4E07-A25A-AE18BD6DB483}.DebugLocal|x64.Build.0 = DebugLocal
		{391E7DFA-6E63-4E07-A25A-AE18BD6DB483}.DebugLocal|x86.ActiveCfg = DebugLocal
		{391E7DFA-6E63-4E07-A25A-AE18BD6DB483}.DebugLocal|x86.Build.0 = DebugLocal
		{391E7DFA-6E63-4E07-A25A-AE18BD6DB483}.Release|Any CPU.ActiveCfg = Release
		{391E7DFA-6E63-4E07-A25A-AE18BD6DB483}.Release|Any CPU.Build.0 = Release
		{391E7DFA-6E63-4E07-A25A-AE18BD6DB483}.Release|Any CPU.Deploy.0 = Release
		{391E7DFA-6E63-4E07-A25A-AE18BD6DB483}.Release|ARM.ActiveCfg = Release
		{391E7DFA-6E63-4E07-A25A-AE18BD6DB483}.Release|ARM.Build.0 = Release
		{391E7DFA-6E63-4E07-A25A-AE18BD6DB483}.Release|ARM.Deploy.0 = Release
		{391E7DFA-6E63-4E07-A25A-AE18BD6DB483}.Release|iPhone.ActiveCfg = Release
		{391E7DFA-6E63-4E07-A25A-AE18BD6DB483}.Release|iPhone.Build.0 = Release
		{391E7DFA-6E63-4E07-A25A-AE18BD6DB483}.Release|iPhone.Deploy.0 = Release
		{391E7DFA-6E63-4E07-A25A-AE18BD6DB483}.Release|iPhoneSimulator.ActiveCfg = Release
		{391E7DFA-6E63-4E07-A25A-AE18BD6DB483}.Release|iPhoneSimulator.Build.0 = Release
		{391E7DFA-6E63-4E07-A25A-AE18BD6DB483}.Release|iPhoneSimulator.Deploy.0 = Release
		{391E7DFA-6E63-4E07-A25A-AE18BD6DB483}.Release|x64.ActiveCfg = Release
		{391E7DFA-6E63-4E07-A25A-AE18BD6DB483}.Release|x64.Build.0 = Release
		{391E7DFA-6E63-4E07-A25A-AE18BD6DB483}.Release|x64.Deploy.0 = Release
		{391E7DFA-6E63-4E07-A25A-AE18BD6DB483}.Release|x86.ActiveCfg = Release
		{391E7DFA-6E63-4E07-A25A-AE18BD6DB483}.Release|x86.Build.0 = Release
		{391E7DFA-6E63-4E07-A25A-AE18BD6DB483}.Release|x86.Deploy.0 = Release
		{412CF6AA-A9F6-4F8C-BC0E-FBDBD3407FB2}.Ad-Hoc|Any CPU.ActiveCfg = Release|Any CPU
		{412CF6AA-A9F6-4F8C-BC0E-FBDBD3407FB2}.Ad-Hoc|Any CPU.Build.0 = Release|Any CPU
		{412CF6AA-A9F6-4F8C-BC0E-FBDBD3407FB2}.Ad-Hoc|ARM.ActiveCfg = Release|Any CPU
		{412CF6AA-A9F6-4F8C-BC0E-FBDBD3407FB2}.Ad-Hoc|ARM.Build.0 = Release|Any CPU
		{412CF6AA-A9F6-4F8C-BC0E-FBDBD3407FB2}.Ad-Hoc|iPhone.ActiveCfg = Release|Any CPU
		{412CF6AA-A9F6-4F8C-BC0E-FBDBD3407FB2}.Ad-Hoc|iPhone.Build.0 = Release|Any CPU
		{412CF6AA-A9F6-4F8C-BC0E-FBDBD3407FB2}.Ad-Hoc|iPhoneSimulator.ActiveCfg = Release|Any CPU
		{412CF6AA-A9F6-4F8C-BC0E-FBDBD3407FB2}.Ad-Hoc|iPhoneSimulator.Build.0 = Release|Any CPU
		{412CF6AA-A9F6-4F8C-BC0E-FBDBD3407FB2}.Ad-Hoc|x64.ActiveCfg = Release|Any CPU
		{412CF6AA-A9F6-4F8C-BC0E-FBDBD3407FB2}.Ad-Hoc|x64.Build.0 = Release|Any CPU
		{412CF6AA-A9F6-4F8C-BC0E-FBDBD3407FB2}.Ad-Hoc|x86.ActiveCfg = Release|Any CPU
		{412CF6AA-A9F6-4F8C-BC0E-FBDBD3407FB2}.Ad-Hoc|x86.Build.0 = Release|Any CPU
		{412CF6AA-A9F6-4F8C-BC0E-FBDBD3407FB2}.AppStore|Any CPU.ActiveCfg = Release|Any CPU
		{412CF6AA-A9F6-4F8C-BC0E-FBDBD3407FB2}.AppStore|Any CPU.Build.0 = Release|Any CPU
		{412CF6AA-A9F6-4F8C-BC0E-FBDBD3407FB2}.AppStore|ARM.ActiveCfg = Release|Any CPU
		{412CF6AA-A9F6-4F8C-BC0E-FBDBD3407FB2}.AppStore|ARM.Build.0 = Release|Any CPU
		{412CF6AA-A9F6-4F8C-BC0E-FBDBD3407FB2}.AppStore|iPhone.ActiveCfg = Release|Any CPU
		{412CF6AA-A9F6-4F8C-BC0E-FBDBD3407FB2}.AppStore|iPhone.Build.0 = Release|Any CPU
		{412CF6AA-A9F6-4F8C-BC0E-FBDBD3407FB2}.AppStore|iPhoneSimulator.ActiveCfg = Release|Any CPU
		{412CF6AA-A9F6-4F8C-BC0E-FBDBD3407FB2}.AppStore|iPhoneSimulator.Build.0 = Release|Any CPU
		{412CF6AA-A9F6-4F8C-BC0E-FBDBD3407FB2}.AppStore|x64.ActiveCfg = Release|Any CPU
		{412CF6AA-A9F6-4F8C-BC0E-FBDBD3407FB2}.AppStore|x64.Build.0 = Release|Any CPU
		{412CF6AA-A9F6-4F8C-BC0E-FBDBD3407FB2}.AppStore|x86.ActiveCfg = Release|Any CPU
		{412CF6AA-A9F6-4F8C-BC0E-FBDBD3407FB2}.AppStore|x86.Build.0 = Release|Any CPU
		{412CF6AA-A9F6-4F8C-BC0E-FBDBD3407FB2}.Debug|Any CPU.ActiveCfg = Debug|Any CPU
		{412CF6AA-A9F6-4F8C-BC0E-FBDBD3407FB2}.Debug|Any CPU.Build.0 = Debug|Any CPU
		{412CF6AA-A9F6-4F8C-BC0E-FBDBD3407FB2}.Debug|ARM.ActiveCfg = Debug|Any CPU
		{412CF6AA-A9F6-4F8C-BC0E-FBDBD3407FB2}.Debug|ARM.Build.0 = Debug|Any CPU
		{412CF6AA-A9F6-4F8C-BC0E-FBDBD3407FB2}.Debug|iPhone.ActiveCfg = Debug|Any CPU
		{412CF6AA-A9F6-4F8C-BC0E-FBDBD3407FB2}.Debug|iPhone.Build.0 = Debug|Any CPU
		{412CF6AA-A9F6-4F8C-BC0E-FBDBD3407FB2}.Debug|iPhoneSimulator.ActiveCfg = Debug|Any CPU
		{412CF6AA-A9F6-4F8C-BC0E-FBDBD3407FB2}.Debug|iPhoneSimulator.Build.0 = Debug|Any CPU
		{412CF6AA-A9F6-4F8C-BC0E-FBDBD3407FB2}.Debug|x64.ActiveCfg = Debug|Any CPU
		{412CF6AA-A9F6-4F8C-BC0E-FBDBD3407FB2}.Debug|x64.Build.0 = Debug|Any CPU
		{412CF6AA-A9F6-4F8C-BC0E-FBDBD3407FB2}.Debug|x86.ActiveCfg = Debug|Any CPU
		{412CF6AA-A9F6-4F8C-BC0E-FBDBD3407FB2}.Debug|x86.Build.0 = Debug|Any CPU
		{412CF6AA-A9F6-4F8C-BC0E-FBDBD3407FB2}.DebugLocal|Any CPU.ActiveCfg = Debug|Any CPU
		{412CF6AA-A9F6-4F8C-BC0E-FBDBD3407FB2}.DebugLocal|Any CPU.Build.0 = Debug|Any CPU
		{412CF6AA-A9F6-4F8C-BC0E-FBDBD3407FB2}.DebugLocal|ARM.ActiveCfg = Debug|Any CPU
		{412CF6AA-A9F6-4F8C-BC0E-FBDBD3407FB2}.DebugLocal|ARM.Build.0 = Debug|Any CPU
		{412CF6AA-A9F6-4F8C-BC0E-FBDBD3407FB2}.DebugLocal|iPhone.ActiveCfg = Debug|Any CPU
		{412CF6AA-A9F6-4F8C-BC0E-FBDBD3407FB2}.DebugLocal|iPhone.Build.0 = Debug|Any CPU
		{412CF6AA-A9F6-4F8C-BC0E-FBDBD3407FB2}.DebugLocal|iPhoneSimulator.ActiveCfg = Debug|Any CPU
		{412CF6AA-A9F6-4F8C-BC0E-FBDBD3407FB2}.DebugLocal|iPhoneSimulator.Build.0 = Debug|Any CPU
		{412CF6AA-A9F6-4F8C-BC0E-FBDBD3407FB2}.DebugLocal|x64.ActiveCfg = Debug|Any CPU
		{412CF6AA-A9F6-4F8C-BC0E-FBDBD3407FB2}.DebugLocal|x64.Build.0 = Debug|Any CPU
		{412CF6AA-A9F6-4F8C-BC0E-FBDBD3407FB2}.DebugLocal|x86.ActiveCfg = Debug|Any CPU
		{412CF6AA-A9F6-4F8C-BC0E-FBDBD3407FB2}.DebugLocal|x86.Build.0 = Debug|Any CPU
		{412CF6AA-A9F6-4F8C-BC0E-FBDBD3407FB2}.Release|Any CPU.ActiveCfg = Release|Any CPU
		{412CF6AA-A9F6-4F8C-BC0E-FBDBD3407FB2}.Release|Any CPU.Build.0 = Release|Any CPU
		{412CF6AA-A9F6-4F8C-BC0E-FBDBD3407FB2}.Release|ARM.ActiveCfg = Release|Any CPU
		{412CF6AA-A9F6-4F8C-BC0E-FBDBD3407FB2}.Release|ARM.Build.0 = Release|Any CPU
		{412CF6AA-A9F6-4F8C-BC0E-FBDBD3407FB2}.Release|iPhone.ActiveCfg = Release|Any CPU
		{412CF6AA-A9F6-4F8C-BC0E-FBDBD3407FB2}.Release|iPhone.Build.0 = Release|Any CPU
		{412CF6AA-A9F6-4F8C-BC0E-FBDBD3407FB2}.Release|iPhoneSimulator.ActiveCfg = Release|Any CPU
		{412CF6AA-A9F6-4F8C-BC0E-FBDBD3407FB2}.Release|iPhoneSimulator.Build.0 = Release|Any CPU
		{412CF6AA-A9F6-4F8C-BC0E-FBDBD3407FB2}.Release|x64.ActiveCfg = Release|Any CPU
		{412CF6AA-A9F6-4F8C-BC0E-FBDBD3407FB2}.Release|x64.Build.0 = Release|Any CPU
		{412CF6AA-A9F6-4F8C-BC0E-FBDBD3407FB2}.Release|x86.ActiveCfg = Release|Any CPU
		{412CF6AA-A9F6-4F8C-BC0E-FBDBD3407FB2}.Release|x86.Build.0 = Release|Any CPU
		{48366189-A793-45D0-8BBE-A2740D554EAA}.Ad-Hoc|Any CPU.ActiveCfg = Release|Any CPU
		{48366189-A793-45D0-8BBE-A2740D554EAA}.Ad-Hoc|Any CPU.Build.0 = Release|Any CPU
		{48366189-A793-45D0-8BBE-A2740D554EAA}.Ad-Hoc|ARM.ActiveCfg = Release|Any CPU
		{48366189-A793-45D0-8BBE-A2740D554EAA}.Ad-Hoc|ARM.Build.0 = Release|Any CPU
		{48366189-A793-45D0-8BBE-A2740D554EAA}.Ad-Hoc|iPhone.ActiveCfg = Release|Any CPU
		{48366189-A793-45D0-8BBE-A2740D554EAA}.Ad-Hoc|iPhone.Build.0 = Release|Any CPU
		{48366189-A793-45D0-8BBE-A2740D554EAA}.Ad-Hoc|iPhoneSimulator.ActiveCfg = Release|Any CPU
		{48366189-A793-45D0-8BBE-A2740D554EAA}.Ad-Hoc|iPhoneSimulator.Build.0 = Release|Any CPU
		{48366189-A793-45D0-8BBE-A2740D554EAA}.Ad-Hoc|x64.ActiveCfg = Release|Any CPU
		{48366189-A793-45D0-8BBE-A2740D554EAA}.Ad-Hoc|x64.Build.0 = Release|Any CPU
		{48366189-A793-45D0-8BBE-A2740D554EAA}.Ad-Hoc|x86.ActiveCfg = Release|Any CPU
		{48366189-A793-45D0-8BBE-A2740D554EAA}.Ad-Hoc|x86.Build.0 = Release|Any CPU
		{48366189-A793-45D0-8BBE-A2740D554EAA}.AppStore|Any CPU.ActiveCfg = Release|Any CPU
		{48366189-A793-45D0-8BBE-A2740D554EAA}.AppStore|Any CPU.Build.0 = Release|Any CPU
		{48366189-A793-45D0-8BBE-A2740D554EAA}.AppStore|ARM.ActiveCfg = Release|Any CPU
		{48366189-A793-45D0-8BBE-A2740D554EAA}.AppStore|ARM.Build.0 = Release|Any CPU
		{48366189-A793-45D0-8BBE-A2740D554EAA}.AppStore|iPhone.ActiveCfg = Release|Any CPU
		{48366189-A793-45D0-8BBE-A2740D554EAA}.AppStore|iPhone.Build.0 = Release|Any CPU
		{48366189-A793-45D0-8BBE-A2740D554EAA}.AppStore|iPhoneSimulator.ActiveCfg = Release|Any CPU
		{48366189-A793-45D0-8BBE-A2740D554EAA}.AppStore|iPhoneSimulator.Build.0 = Release|Any CPU
		{48366189-A793-45D0-8BBE-A2740D554EAA}.AppStore|x64.ActiveCfg = Release|Any CPU
		{48366189-A793-45D0-8BBE-A2740D554EAA}.AppStore|x64.Build.0 = Release|Any CPU
		{48366189-A793-45D0-8BBE-A2740D554EAA}.AppStore|x86.ActiveCfg = Release|Any CPU
		{48366189-A793-45D0-8BBE-A2740D554EAA}.AppStore|x86.Build.0 = Release|Any CPU
		{48366189-A793-45D0-8BBE-A2740D554EAA}.Debug|Any CPU.ActiveCfg = Debug|Any CPU
		{48366189-A793-45D0-8BBE-A2740D554EAA}.Debug|Any CPU.Build.0 = Debug|Any CPU
		{48366189-A793-45D0-8BBE-A2740D554EAA}.Debug|ARM.ActiveCfg = Debug|Any CPU
		{48366189-A793-45D0-8BBE-A2740D554EAA}.Debug|ARM.Build.0 = Debug|Any CPU
		{48366189-A793-45D0-8BBE-A2740D554EAA}.Debug|iPhone.ActiveCfg = Debug|Any CPU
		{48366189-A793-45D0-8BBE-A2740D554EAA}.Debug|iPhone.Build.0 = Debug|Any CPU
		{48366189-A793-45D0-8BBE-A2740D554EAA}.Debug|iPhoneSimulator.ActiveCfg = Debug|Any CPU
		{48366189-A793-45D0-8BBE-A2740D554EAA}.Debug|iPhoneSimulator.Build.0 = Debug|Any CPU
		{48366189-A793-45D0-8BBE-A2740D554EAA}.Debug|x64.ActiveCfg = Debug|Any CPU
		{48366189-A793-45D0-8BBE-A2740D554EAA}.Debug|x64.Build.0 = Debug|Any CPU
		{48366189-A793-45D0-8BBE-A2740D554EAA}.Debug|x86.ActiveCfg = Debug|Any CPU
		{48366189-A793-45D0-8BBE-A2740D554EAA}.Debug|x86.Build.0 = Debug|Any CPU
		{48366189-A793-45D0-8BBE-A2740D554EAA}.DebugLocal|Any CPU.ActiveCfg = Debug|Any CPU
		{48366189-A793-45D0-8BBE-A2740D554EAA}.DebugLocal|Any CPU.Build.0 = Debug|Any CPU
		{48366189-A793-45D0-8BBE-A2740D554EAA}.DebugLocal|ARM.ActiveCfg = Debug|Any CPU
		{48366189-A793-45D0-8BBE-A2740D554EAA}.DebugLocal|ARM.Build.0 = Debug|Any CPU
		{48366189-A793-45D0-8BBE-A2740D554EAA}.DebugLocal|iPhone.ActiveCfg = Debug|Any CPU
		{48366189-A793-45D0-8BBE-A2740D554EAA}.DebugLocal|iPhone.Build.0 = Debug|Any CPU
		{48366189-A793-45D0-8BBE-A2740D554EAA}.DebugLocal|iPhoneSimulator.ActiveCfg = Debug|Any CPU
		{48366189-A793-45D0-8BBE-A2740D554EAA}.DebugLocal|iPhoneSimulator.Build.0 = Debug|Any CPU
		{48366189-A793-45D0-8BBE-A2740D554EAA}.DebugLocal|x64.ActiveCfg = Debug|Any CPU
		{48366189-A793-45D0-8BBE-A2740D554EAA}.DebugLocal|x64.Build.0 = Debug|Any CPU
		{48366189-A793-45D0-8BBE-A2740D554EAA}.DebugLocal|x86.ActiveCfg = Debug|Any CPU
		{48366189-A793-45D0-8BBE-A2740D554EAA}.DebugLocal|x86.Build.0 = Debug|Any CPU
		{48366189-A793-45D0-8BBE-A2740D554EAA}.Release|Any CPU.ActiveCfg = Release|Any CPU
		{48366189-A793-45D0-8BBE-A2740D554EAA}.Release|Any CPU.Build.0 = Release|Any CPU
		{48366189-A793-45D0-8BBE-A2740D554EAA}.Release|ARM.ActiveCfg = Release|Any CPU
		{48366189-A793-45D0-8BBE-A2740D554EAA}.Release|ARM.Build.0 = Release|Any CPU
		{48366189-A793-45D0-8BBE-A2740D554EAA}.Release|iPhone.ActiveCfg = Release|Any CPU
		{48366189-A793-45D0-8BBE-A2740D554EAA}.Release|iPhone.Build.0 = Release|Any CPU
		{48366189-A793-45D0-8BBE-A2740D554EAA}.Release|iPhoneSimulator.ActiveCfg = Release|Any CPU
		{48366189-A793-45D0-8BBE-A2740D554EAA}.Release|iPhoneSimulator.Build.0 = Release|Any CPU
		{48366189-A793-45D0-8BBE-A2740D554EAA}.Release|x64.ActiveCfg = Release|Any CPU
		{48366189-A793-45D0-8BBE-A2740D554EAA}.Release|x64.Build.0 = Release|Any CPU
		{48366189-A793-45D0-8BBE-A2740D554EAA}.Release|x86.ActiveCfg = Release|Any CPU
		{48366189-A793-45D0-8BBE-A2740D554EAA}.Release|x86.Build.0 = Release|Any CPU
		{889EE20D-C43F-431B-AEE9-CAA62724EFAE}.Ad-Hoc|Any CPU.ActiveCfg = Release|Any CPU
		{889EE20D-C43F-431B-AEE9-CAA62724EFAE}.Ad-Hoc|Any CPU.Build.0 = Release|Any CPU
		{889EE20D-C43F-431B-AEE9-CAA62724EFAE}.Ad-Hoc|ARM.ActiveCfg = Release|Any CPU
		{889EE20D-C43F-431B-AEE9-CAA62724EFAE}.Ad-Hoc|ARM.Build.0 = Release|Any CPU
		{889EE20D-C43F-431B-AEE9-CAA62724EFAE}.Ad-Hoc|iPhone.ActiveCfg = Release|Any CPU
		{889EE20D-C43F-431B-AEE9-CAA62724EFAE}.Ad-Hoc|iPhone.Build.0 = Release|Any CPU
		{889EE20D-C43F-431B-AEE9-CAA62724EFAE}.Ad-Hoc|iPhoneSimulator.ActiveCfg = Release|Any CPU
		{889EE20D-C43F-431B-AEE9-CAA62724EFAE}.Ad-Hoc|iPhoneSimulator.Build.0 = Release|Any CPU
		{889EE20D-C43F-431B-AEE9-CAA62724EFAE}.Ad-Hoc|x64.ActiveCfg = Release|Any CPU
		{889EE20D-C43F-431B-AEE9-CAA62724EFAE}.Ad-Hoc|x64.Build.0 = Release|Any CPU
		{889EE20D-C43F-431B-AEE9-CAA62724EFAE}.Ad-Hoc|x86.ActiveCfg = Release|Any CPU
		{889EE20D-C43F-431B-AEE9-CAA62724EFAE}.Ad-Hoc|x86.Build.0 = Release|Any CPU
		{889EE20D-C43F-431B-AEE9-CAA62724EFAE}.AppStore|Any CPU.ActiveCfg = Release|Any CPU
		{889EE20D-C43F-431B-AEE9-CAA62724EFAE}.AppStore|Any CPU.Build.0 = Release|Any CPU
		{889EE20D-C43F-431B-AEE9-CAA62724EFAE}.AppStore|ARM.ActiveCfg = Release|Any CPU
		{889EE20D-C43F-431B-AEE9-CAA62724EFAE}.AppStore|ARM.Build.0 = Release|Any CPU
		{889EE20D-C43F-431B-AEE9-CAA62724EFAE}.AppStore|iPhone.ActiveCfg = Release|Any CPU
		{889EE20D-C43F-431B-AEE9-CAA62724EFAE}.AppStore|iPhone.Build.0 = Release|Any CPU
		{889EE20D-C43F-431B-AEE9-CAA62724EFAE}.AppStore|iPhoneSimulator.ActiveCfg = Release|Any CPU
		{889EE20D-C43F-431B-AEE9-CAA62724EFAE}.AppStore|iPhoneSimulator.Build.0 = Release|Any CPU
		{889EE20D-C43F-431B-AEE9-CAA62724EFAE}.AppStore|x64.ActiveCfg = Release|Any CPU
		{889EE20D-C43F-431B-AEE9-CAA62724EFAE}.AppStore|x64.Build.0 = Release|Any CPU
		{889EE20D-C43F-431B-AEE9-CAA62724EFAE}.AppStore|x86.ActiveCfg = Release|Any CPU
		{889EE20D-C43F-431B-AEE9-CAA62724EFAE}.AppStore|x86.Build.0 = Release|Any CPU
		{889EE20D-C43F-431B-AEE9-CAA62724EFAE}.Debug|Any CPU.ActiveCfg = Debug|Any CPU
		{889EE20D-C43F-431B-AEE9-CAA62724EFAE}.Debug|Any CPU.Build.0 = Debug|Any CPU
		{889EE20D-C43F-431B-AEE9-CAA62724EFAE}.Debug|ARM.ActiveCfg = Debug|Any CPU
		{889EE20D-C43F-431B-AEE9-CAA62724EFAE}.Debug|ARM.Build.0 = Debug|Any CPU
		{889EE20D-C43F-431B-AEE9-CAA62724EFAE}.Debug|iPhone.ActiveCfg = Debug|Any CPU
		{889EE20D-C43F-431B-AEE9-CAA62724EFAE}.Debug|iPhone.Build.0 = Debug|Any CPU
		{889EE20D-C43F-431B-AEE9-CAA62724EFAE}.Debug|iPhoneSimulator.ActiveCfg = Debug|Any CPU
		{889EE20D-C43F-431B-AEE9-CAA62724EFAE}.Debug|iPhoneSimulator.Build.0 = Debug|Any CPU
		{889EE20D-C43F-431B-AEE9-CAA62724EFAE}.Debug|x64.ActiveCfg = Debug|Any CPU
		{889EE20D-C43F-431B-AEE9-CAA62724EFAE}.Debug|x64.Build.0 = Debug|Any CPU
		{889EE20D-C43F-431B-AEE9-CAA62724EFAE}.Debug|x86.ActiveCfg = Debug|Any CPU
		{889EE20D-C43F-431B-AEE9-CAA62724EFAE}.Debug|x86.Build.0 = Debug|Any CPU
		{889EE20D-C43F-431B-AEE9-CAA62724EFAE}.DebugLocal|Any CPU.ActiveCfg = Debug|Any CPU
		{889EE20D-C43F-431B-AEE9-CAA62724EFAE}.DebugLocal|Any CPU.Build.0 = Debug|Any CPU
		{889EE20D-C43F-431B-AEE9-CAA62724EFAE}.DebugLocal|ARM.ActiveCfg = Debug|Any CPU
		{889EE20D-C43F-431B-AEE9-CAA62724EFAE}.DebugLocal|ARM.Build.0 = Debug|Any CPU
		{889EE20D-C43F-431B-AEE9-CAA62724EFAE}.DebugLocal|iPhone.ActiveCfg = Debug|Any CPU
		{889EE20D-C43F-431B-AEE9-CAA62724EFAE}.DebugLocal|iPhone.Build.0 = Debug|Any CPU
		{889EE20D-C43F-431B-AEE9-CAA62724EFAE}.DebugLocal|iPhoneSimulator.ActiveCfg = Debug|Any CPU
		{889EE20D-C43F-431B-AEE9-CAA62724EFAE}.DebugLocal|iPhoneSimulator.Build.0 = Debug|Any CPU
		{889EE20D-C43F-431B-AEE9-CAA62724EFAE}.DebugLocal|x64.ActiveCfg = Debug|Any CPU
		{889EE20D-C43F-431B-AEE9-CAA62724EFAE}.DebugLocal|x64.Build.0 = Debug|Any CPU
		{889EE20D-C43F-431B-AEE9-CAA62724EFAE}.DebugLocal|x86.ActiveCfg = Debug|Any CPU
		{889EE20D-C43F-431B-AEE9-CAA62724EFAE}.DebugLocal|x86.Build.0 = Debug|Any CPU
		{889EE20D-C43F-431B-AEE9-CAA62724EFAE}.Release|Any CPU.ActiveCfg = Release|Any CPU
		{889EE20D-C43F-431B-AEE9-CAA62724EFAE}.Release|Any CPU.Build.0 = Release|Any CPU
		{889EE20D-C43F-431B-AEE9-CAA62724EFAE}.Release|ARM.ActiveCfg = Release|Any CPU
		{889EE20D-C43F-431B-AEE9-CAA62724EFAE}.Release|ARM.Build.0 = Release|Any CPU
		{889EE20D-C43F-431B-AEE9-CAA62724EFAE}.Release|iPhone.ActiveCfg = Release|Any CPU
		{889EE20D-C43F-431B-AEE9-CAA62724EFAE}.Release|iPhone.Build.0 = Release|Any CPU
		{889EE20D-C43F-431B-AEE9-CAA62724EFAE}.Release|iPhoneSimulator.ActiveCfg = Release|Any CPU
		{889EE20D-C43F-431B-AEE9-CAA62724EFAE}.Release|iPhoneSimulator.Build.0 = Release|Any CPU
		{889EE20D-C43F-431B-AEE9-CAA62724EFAE}.Release|x64.ActiveCfg = Release|Any CPU
		{889EE20D-C43F-431B-AEE9-CAA62724EFAE}.Release|x64.Build.0 = Release|Any CPU
		{889EE20D-C43F-431B-AEE9-CAA62724EFAE}.Release|x86.ActiveCfg = Release|Any CPU
		{889EE20D-C43F-431B-AEE9-CAA62724EFAE}.Release|x86.Build.0 = Release|Any CPU
	EndGlobalSection
	GlobalSection(SolutionProperties) = preSolution
		HideSolutionNode = FALSE
	EndGlobalSection
	GlobalSection(ExtensibilityGlobals) = postSolution
		SolutionGuid = {4D032BB0-75D1-48CB-8A28-5BB98A402E14}
	EndGlobalSection
EndGlobal
